
Microsoft Visual Studio Solution File, Format Version 12.00
# Visual Studio 2013
VisualStudioVersion = 12.0.21005.1
MinimumVisualStudioVersion = 10.0.40219.1
Project("{FAE04EC0-301F-11D3-BF4B-00C04F79EFBC}") = "01.Sum3Numbers", "01.Sum3Numbers\01.Sum3Numbers.csproj", "{2B25F94A-CC31-4337-8D2F-5278C316EBB0}"
EndProject
Project("{FAE04EC0-301F-11D3-BF4B-00C04F79EFBC}") = "02.CirclePerimAndArea", "02.CirclePerimAndArea\02.CirclePerimAndArea.csproj", "{70A1E137-0354-49BD-BAB5-49ED6F64F5AD}"
EndProject
Project("{FAE04EC0-301F-11D3-BF4B-00C04F79EFBC}") = "03.ReadFirmInfo", "03.ReadFirmInfo\03.ReadFirmInfo.csproj", "{378E2A2F-F44E-4ED4-A179-2C04D2EA263F}"
EndProject
Project("{FAE04EC0-301F-11D3-BF4B-00C04F79EFBC}") = "04.Read2NumDividedBetweenBy5", "04.Read2NumDividedBetweenBy5\04.Read2NumDividedBetweenBy5.csproj", "{82DA365B-126D-4DBD-B9E3-3F0259FEE7E5}"
EndProject
Project("{FAE04EC0-301F-11D3-BF4B-00C04F79EFBC}") = "05.PrintBiggestNum", "05.PrintBiggestNum\05.PrintBiggestNum.csproj", "{EFA623B3-7DC2-472F-BE50-C0E3369D8FDA}"
EndProject
Project("{FAE04EC0-301F-11D3-BF4B-00C04F79EFBC}") = "06.QuadraticEquation", "06.QuadraticEquation\06.QuadraticEquation.csproj", "{3C821EBF-AF0F-4ED4-9900-AC9F7624C056}"
EndProject
Project("{FAE04EC0-301F-11D3-BF4B-00C04F79EFBC}") = "07.SumNNumbers", "07.SumNNumbers\07.SumNNumbers.csproj", "{2EC8A77B-6D01-444F-A6BD-3223AA7355B4}"
EndProject
Project("{FAE04EC0-301F-11D3-BF4B-00C04F79EFBC}") = "08.PrintNumFrom1ToN", "08.PrintNumFrom1ToN\08.PrintNumFrom1ToN.csproj", "{7AF0CA6C-D689-4121-8254-4F768C6BF09C}"
EndProject
Project("{FAE04EC0-301F-11D3-BF4B-00C04F79EFBC}") = "09.Fibonacci100", "09.Fibonacci100\09.Fibonacci100.csproj", "{AE15E20E-4FA1-4E72-A2F0-1E651B911325}"
EndProject
Project("{FAE04EC0-301F-11D3-BF4B-00C04F79EFBC}") = "10.SumWithAccuracy", "10.SumWithAccuracy\10.SumWithAccuracy.csproj", "{A60ED567-3E96-4C97-A561-C132C126DC18}"
EndProject
Global
	GlobalSection(SolutionConfigurationPlatforms) = preSolution
		Debug|Any CPU = Debug|Any CPU
		Release|Any CPU = Release|Any CPU
	EndGlobalSection
	GlobalSection(ProjectConfigurationPlatforms) = postSolution
		{2B25F94A-CC31-4337-8D2F-5278C316EBB0}.Debug|Any CPU.ActiveCfg = Debug|Any CPU
		{2B25F94A-CC31-4337-8D2F-5278C316EBB0}.Debug|Any CPU.Build.0 = Debug|Any CPU
		{2B25F94A-CC31-4337-8D2F-5278C316EBB0}.Release|Any CPU.ActiveCfg = Release|Any CPU
		{2B25F94A-CC31-4337-8D2F-5278C316EBB0}.Release|Any CPU.Build.0 = Release|Any CPU
		{70A1E137-0354-49BD-BAB5-49ED6F64F5AD}.Debug|Any CPU.ActiveCfg = Debug|Any CPU
		{70A1E137-0354-49BD-BAB5-49ED6F64F5AD}.Debug|Any CPU.Build.0 = Debug|Any CPU
		{70A1E137-0354-49BD-BAB5-49ED6F64F5AD}.Release|Any CPU.ActiveCfg = Release|Any CPU
		{70A1E137-0354-49BD-BAB5-49ED6F64F5AD}.Release|Any CPU.Build.0 = Release|Any CPU
		{378E2A2F-F44E-4ED4-A179-2C04D2EA263F}.Debug|Any CPU.ActiveCfg = Debug|Any CPU
		{378E2A2F-F44E-4ED4-A179-2C04D2EA263F}.Debug|Any CPU.Build.0 = Debug|Any CPU
		{378E2A2F-F44E-4ED4-A179-2C04D2EA263F}.Release|Any CPU.ActiveCfg = Release|Any CPU
		{378E2A2F-F44E-4ED4-A179-2C04D2EA263F}.Release|Any CPU.Build.0 = Release|Any CPU
		{82DA365B-126D-4DBD-B9E3-3F0259FEE7E5}.Debug|Any CPU.ActiveCfg = Debug|Any CPU
		{82DA365B-126D-4DBD-B9E3-3F0259FEE7E5}.Debug|Any CPU.Build.0 = Debug|Any CPU
		{82DA365B-126D-4DBD-B9E3-3F0259FEE7E5}.Release|Any CPU.ActiveCfg = Release|Any CPU
		{82DA365B-126D-4DBD-B9E3-3F0259FEE7E5}.Release|Any CPU.Build.0 = Release|Any CPU
		{EFA623B3-7DC2-472F-BE50-C0E3369D8FDA}.Debug|Any CPU.ActiveCfg = Debug|Any CPU
		{EFA623B3-7DC2-472F-BE50-C0E3369D8FDA}.Debug|Any CPU.Build.0 = Debug|Any CPU
		{EFA623B3-7DC2-472F-BE50-C0E3369D8FDA}.Release|Any CPU.ActiveCfg = Release|Any CPU
		{EFA623B3-7DC2-472F-BE50-C0E3369D8FDA}.Release|Any CPU.Build.0 = Release|Any CPU
		{3C821EBF-AF0F-4ED4-9900-AC9F7624C056}.Debug|Any CPU.ActiveCfg = Debug|Any CPU
		{3C821EBF-AF0F-4ED4-9900-AC9F7624C056}.Debug|Any CPU.Build.0 = Debug|Any CPU
		{3C821EBF-AF0F-4ED4-9900-AC9F7624C056}.Release|Any CPU.ActiveCfg = Release|Any CPU
		{3C821EBF-AF0F-4ED4-9900-AC9F7624C056}.Release|Any CPU.Build.0 = Release|Any CPU
		{2EC8A77B-6D01-444F-A6BD-3223AA7355B4}.Debug|Any CPU.ActiveCfg = Debug|Any CPU
		{2EC8A77B-6D01-444F-A6BD-3223AA7355B4}.Debug|Any CPU.Build.0 = Debug|Any CPU
		{2EC8A77B-6D01-444F-A6BD-3223AA7355B4}.Release|Any CPU.ActiveCfg = Release|Any CPU
		{2EC8A77B-6D01-444F-A6BD-3223AA7355B4}.Release|Any CPU.Build.0 = Release|Any CPU
		{7AF0CA6C-D689-4121-8254-4F768C6BF09C}.Debug|Any CPU.ActiveCfg = Debug|Any CPU
		{7AF0CA6C-D689-4121-8254-4F768C6BF09C}.Debug|Any CPU.Build.0 = Debug|Any CPU
		{7AF0CA6C-D689-4121-8254-4F768C6BF09C}.Release|Any CPU.ActiveCfg = Release|Any CPU
		{7AF0CA6C-D689-4121-8254-4F768C6BF09C}.Release|Any CPU.Build.0 = Release|Any CPU
		{AE15E20E-4FA1-4E72-A2F0-1E651B911325}.Debug|Any CPU.ActiveCfg = Debug|Any CPU
		{AE15E20E-4FA1-4E72-A2F0-1E651B911325}.Debug|Any CPU.Build.0 = Debug|Any CPU
		{AE15E20E-4FA1-4E72-A2F0-1E651B911325}.Release|Any CPU.ActiveCfg = Release|Any CPU
		{AE15E20E-4FA1-4E72-A2F0-1E651B911325}.Release|Any CPU.Build.0 = Release|Any CPU
		{A60ED567-3E96-4C97-A561-C132C126DC18}.Debug|Any CPU.ActiveCfg = Debug|Any CPU
		{A60ED567-3E96-4C97-A561-C132C126DC18}.Debug|Any CPU.Build.0 = Debug|Any CPU
		{A60ED567-3E96-4C97-A561-C132C126DC18}.Release|Any CPU.ActiveCfg = Release|Any CPU
		{A60ED567-3E96-4C97-A561-C132C126DC18}.Release|Any CPU.Build.0 = Release|Any CPU
	EndGlobalSection
	GlobalSection(SolutionProperties) = preSolution
		HideSolutionNode = FALSE
	EndGlobalSection
EndGlobal
