
Microsoft Visual Studio Solution File, Format Version 12.00
# Visual Studio 2013
VisualStudioVersion = 12.0.21005.1
MinimumVisualStudioVersion = 10.0.40219.1
Project("{FAE04EC0-301F-11D3-BF4B-00C04F79EFBC}") = "01-03.ClassStudent", "01-03.ClassStudent\01-03.ClassStudent.csproj", "{B6E3B52A-3DA8-4C36-8E33-48DB4F41F5E3}"
EndProject
Project("{FAE04EC0-301F-11D3-BF4B-00C04F79EFBC}") = "04.ClassPerson", "04.ClassPerson\04.ClassPerson.csproj", "{4432758F-C5C2-4C9F-93FB-4881A718EF02}"
EndProject
Project("{FAE04EC0-301F-11D3-BF4B-00C04F79EFBC}") = "05.Define64BitArr", "05.Define64BitArr\05.Define64BitArr.csproj", "{A96993A4-41D5-4789-B8D0-C9AFA1A9D3A1}"
EndProject
Global
	GlobalSection(SolutionConfigurationPlatforms) = preSolution
		Debug|Any CPU = Debug|Any CPU
		Release|Any CPU = Release|Any CPU
	EndGlobalSection
	GlobalSection(ProjectConfigurationPlatforms) = postSolution
		{B6E3B52A-3DA8-4C36-8E33-48DB4F41F5E3}.Debug|Any CPU.ActiveCfg = Debug|Any CPU
		{B6E3B52A-3DA8-4C36-8E33-48DB4F41F5E3}.Debug|Any CPU.Build.0 = Debug|Any CPU
		{B6E3B52A-3DA8-4C36-8E33-48DB4F41F5E3}.Release|Any CPU.ActiveCfg = Release|Any CPU
		{B6E3B52A-3DA8-4C36-8E33-48DB4F41F5E3}.Release|Any CPU.Build.0 = Release|Any CPU
		{4432758F-C5C2-4C9F-93FB-4881A718EF02}.Debug|Any CPU.ActiveCfg = Debug|Any CPU
		{4432758F-C5C2-4C9F-93FB-4881A718EF02}.Debug|Any CPU.Build.0 = Debug|Any CPU
		{4432758F-C5C2-4C9F-93FB-4881A718EF02}.Release|Any CPU.ActiveCfg = Release|Any CPU
		{4432758F-C5C2-4C9F-93FB-4881A718EF02}.Release|Any CPU.Build.0 = Release|Any CPU
		{A96993A4-41D5-4789-B8D0-C9AFA1A9D3A1}.Debug|Any CPU.ActiveCfg = Debug|Any CPU
		{A96993A4-41D5-4789-B8D0-C9AFA1A9D3A1}.Debug|Any CPU.Build.0 = Debug|Any CPU
		{A96993A4-41D5-4789-B8D0-C9AFA1A9D3A1}.Release|Any CPU.ActiveCfg = Release|Any CPU
		{A96993A4-41D5-4789-B8D0-C9AFA1A9D3A1}.Release|Any CPU.Build.0 = Release|Any CPU
	EndGlobalSection
	GlobalSection(SolutionProperties) = preSolution
		HideSolutionNode = FALSE
	EndGlobalSection
EndGlobal
