
Microsoft Visual Studio Solution File, Format Version 12.00
# Visual Studio 2013
VisualStudioVersion = 12.0.30501.0
MinimumVisualStudioVersion = 10.0.40219.1
Project("{FAE04EC0-301F-11D3-BF4B-00C04F79EFBC}") = "04.RequireJS", "04.RequireJS\04.RequireJS.csproj", "{6B75E127-5BE3-460A-BC0F-349BB5048BA3}"
EndProject
Global
	GlobalSection(SolutionConfigurationPlatforms) = preSolution
		Debug|Any CPU = Debug|Any CPU
		Release|Any CPU = Release|Any CPU
	EndGlobalSection
	GlobalSection(ProjectConfigurationPlatforms) = postSolution
		{6B75E127-5BE3-460A-BC0F-349BB5048BA3}.Debug|Any CPU.ActiveCfg = Debug|Any CPU
		{6B75E127-5BE3-460A-BC0F-349BB5048BA3}.Debug|Any CPU.Build.0 = Debug|Any CPU
		{6B75E127-5BE3-460A-BC0F-349BB5048BA3}.Release|Any CPU.ActiveCfg = Release|Any CPU
		{6B75E127-5BE3-460A-BC0F-349BB5048BA3}.Release|Any CPU.Build.0 = Release|Any CPU
	EndGlobalSection
	GlobalSection(SolutionProperties) = preSolution
		HideSolutionNode = FALSE
	EndGlobalSection
EndGlobal
