
Microsoft Visual Studio Solution File, Format Version 12.00
# Visual Studio 2013
VisualStudioVersion = 12.0.21005.1
MinimumVisualStudioVersion = 10.0.40219.1
Project("{FAE04EC0-301F-11D3-BF4B-00C04F79EFBC}") = "01.ArrayOf20Integers", "01.ArrayOf20Integers\01.ArrayOf20Integers.csproj", "{D1126241-49D2-414B-96F0-A8EAEB1566A5}"
EndProject
Project("{FAE04EC0-301F-11D3-BF4B-00C04F79EFBC}") = "02.Read2ArrAndCompare", "02.Read2ArrAndCompare\02.Read2ArrAndCompare.csproj", "{5B1AD13B-727B-4E8C-B85A-B3104C3795D6}"
EndProject
Project("{FAE04EC0-301F-11D3-BF4B-00C04F79EFBC}") = "03.Compare2CharArrays", "03.Compare2CharArrays\03.Compare2CharArrays.csproj", "{AEE1F0EC-E81F-4B54-8A94-869B26FDDC68}"
EndProject
Project("{FAE04EC0-301F-11D3-BF4B-00C04F79EFBC}") = "04.MaximumSequenceOfEqualElements", "04.MaximumSequenceOfEqualElements\04.MaximumSequenceOfEqualElements.csproj", "{31F82E85-AD74-419C-826A-9CCC464AB97C}"
EndProject
Project("{FAE04EC0-301F-11D3-BF4B-00C04F79EFBC}") = "05.MaximalIncreasingSequence", "05.MaximalIncreasingSequence\05.MaximalIncreasingSequence.csproj", "{463DF3D6-E8FE-417F-9704-DB53A37AF98C}"
EndProject
Project("{FAE04EC0-301F-11D3-BF4B-00C04F79EFBC}") = "06.ArrayMaxSum", "06.ArrayMaxSum\06.ArrayMaxSum.csproj", "{787748BA-6211-4757-8DC9-A1519D36E49C}"
EndProject
Project("{FAE04EC0-301F-11D3-BF4B-00C04F79EFBC}") = "07.SelectionSort", "07.SelectionSort\07.SelectionSort.csproj", "{97204293-C7A4-4B66-9674-81AF86A6A4C5}"
EndProject
Project("{FAE04EC0-301F-11D3-BF4B-00C04F79EFBC}") = "08.SequenceOfMaximalSum", "08.SequenceOfMaximalSum\08.SequenceOfMaximalSum.csproj", "{B2DC9ABA-B3BD-4D66-998E-9EADD4BFB4CF}"
EndProject
Project("{FAE04EC0-301F-11D3-BF4B-00C04F79EFBC}") = "09.MostFrequentNumber", "09.MostFrequentNumber\09.MostFrequentNumber.csproj", "{A7EB0E5F-69FC-4AF0-B8EA-560856B29020}"
EndProject
Project("{FAE04EC0-301F-11D3-BF4B-00C04F79EFBC}") = "10.FindSumInArray", "10.FindSumInArray\10.FindSumInArray.csproj", "{717691E3-E72A-43E2-B6D8-2F8881394A61}"
EndProject
Project("{FAE04EC0-301F-11D3-BF4B-00C04F79EFBC}") = "11.BinarySearch", "11.BinarySearch\11.BinarySearch.csproj", "{F0741FA9-21CA-493E-89A9-4863BE632A16}"
EndProject
Project("{FAE04EC0-301F-11D3-BF4B-00C04F79EFBC}") = "12.PrintIndexOfLettersInWord", "12.PrintIndexOfLettersInWord\12.PrintIndexOfLettersInWord.csproj", "{974C464F-4ECE-4C77-8E5E-E9CE5826635A}"
EndProject
Project("{FAE04EC0-301F-11D3-BF4B-00C04F79EFBC}") = "13.MergeSort", "13.MergeSort\13.MergeSort.csproj", "{B45B941B-DD68-4B10-B591-174B8DC491C3}"
EndProject
Project("{FAE04EC0-301F-11D3-BF4B-00C04F79EFBC}") = "14.QuickSortStrings", "14.QuickSortStrings\14.QuickSortStrings.csproj", "{06489B51-6459-4C6E-ACED-F27A86975DCE}"
EndProject
Project("{FAE04EC0-301F-11D3-BF4B-00C04F79EFBC}") = "15.SieveOfEratosthenes", "15.SieveOfEratosthenes\15.SieveOfEratosthenes.csproj", "{003E98CE-C0B2-4C6F-A0A0-E14F817EE6FC}"
EndProject
Project("{FAE04EC0-301F-11D3-BF4B-00C04F79EFBC}") = "16.SubsetOfElementsEqualToS", "16.SubsetOfElementsEqualToS\16.SubsetOfElementsEqualToS.csproj", "{AA3B6D18-E347-4B79-9978-3C57198A124B}"
EndProject
Project("{FAE04EC0-301F-11D3-BF4B-00C04F79EFBC}") = "17.SubsetSumOfKElementsWithSSum", "17.SubsetSumOfKElementsWithSSum\17.SubsetSumOfKElementsWithSSum.csproj", "{EF70D239-AE7C-4715-8760-740129F7A695}"
EndProject
Project("{FAE04EC0-301F-11D3-BF4B-00C04F79EFBC}") = "18.ReadArrayRemoveToMakeSorted", "18.ReadArrayRemoveToMakeSorted\18.ReadArrayRemoveToMakeSorted.csproj", "{D9E41BCB-E49D-472F-BFDA-74211062F7FA}"
EndProject
Project("{FAE04EC0-301F-11D3-BF4B-00C04F79EFBC}") = "19.Permutations", "19.Permutations\19.Permutations.csproj", "{379CD9CA-69C5-40C0-B9A5-17000DE1C1E4}"
EndProject
Project("{FAE04EC0-301F-11D3-BF4B-00C04F79EFBC}") = "20.Variations", "20.Variations\20.Variations.csproj", "{9042E167-CFDD-4208-A082-BD4740F31EF4}"
EndProject
Project("{FAE04EC0-301F-11D3-BF4B-00C04F79EFBC}") = "21.Combinations", "21.Combinations\21.Combinations.csproj", "{0F06383C-36A6-474C-A281-9E429C11E37D}"
EndProject
Global
	GlobalSection(SolutionConfigurationPlatforms) = preSolution
		Debug|Any CPU = Debug|Any CPU
		Release|Any CPU = Release|Any CPU
	EndGlobalSection
	GlobalSection(ProjectConfigurationPlatforms) = postSolution
		{D1126241-49D2-414B-96F0-A8EAEB1566A5}.Debug|Any CPU.ActiveCfg = Debug|Any CPU
		{D1126241-49D2-414B-96F0-A8EAEB1566A5}.Debug|Any CPU.Build.0 = Debug|Any CPU
		{D1126241-49D2-414B-96F0-A8EAEB1566A5}.Release|Any CPU.ActiveCfg = Release|Any CPU
		{D1126241-49D2-414B-96F0-A8EAEB1566A5}.Release|Any CPU.Build.0 = Release|Any CPU
		{5B1AD13B-727B-4E8C-B85A-B3104C3795D6}.Debug|Any CPU.ActiveCfg = Debug|Any CPU
		{5B1AD13B-727B-4E8C-B85A-B3104C3795D6}.Debug|Any CPU.Build.0 = Debug|Any CPU
		{5B1AD13B-727B-4E8C-B85A-B3104C3795D6}.Release|Any CPU.ActiveCfg = Release|Any CPU
		{5B1AD13B-727B-4E8C-B85A-B3104C3795D6}.Release|Any CPU.Build.0 = Release|Any CPU
		{AEE1F0EC-E81F-4B54-8A94-869B26FDDC68}.Debug|Any CPU.ActiveCfg = Debug|Any CPU
		{AEE1F0EC-E81F-4B54-8A94-869B26FDDC68}.Debug|Any CPU.Build.0 = Debug|Any CPU
		{AEE1F0EC-E81F-4B54-8A94-869B26FDDC68}.Release|Any CPU.ActiveCfg = Release|Any CPU
		{AEE1F0EC-E81F-4B54-8A94-869B26FDDC68}.Release|Any CPU.Build.0 = Release|Any CPU
		{31F82E85-AD74-419C-826A-9CCC464AB97C}.Debug|Any CPU.ActiveCfg = Debug|Any CPU
		{31F82E85-AD74-419C-826A-9CCC464AB97C}.Debug|Any CPU.Build.0 = Debug|Any CPU
		{31F82E85-AD74-419C-826A-9CCC464AB97C}.Release|Any CPU.ActiveCfg = Release|Any CPU
		{31F82E85-AD74-419C-826A-9CCC464AB97C}.Release|Any CPU.Build.0 = Release|Any CPU
		{463DF3D6-E8FE-417F-9704-DB53A37AF98C}.Debug|Any CPU.ActiveCfg = Debug|Any CPU
		{463DF3D6-E8FE-417F-9704-DB53A37AF98C}.Debug|Any CPU.Build.0 = Debug|Any CPU
		{463DF3D6-E8FE-417F-9704-DB53A37AF98C}.Release|Any CPU.ActiveCfg = Release|Any CPU
		{463DF3D6-E8FE-417F-9704-DB53A37AF98C}.Release|Any CPU.Build.0 = Release|Any CPU
		{787748BA-6211-4757-8DC9-A1519D36E49C}.Debug|Any CPU.ActiveCfg = Debug|Any CPU
		{787748BA-6211-4757-8DC9-A1519D36E49C}.Debug|Any CPU.Build.0 = Debug|Any CPU
		{787748BA-6211-4757-8DC9-A1519D36E49C}.Release|Any CPU.ActiveCfg = Release|Any CPU
		{787748BA-6211-4757-8DC9-A1519D36E49C}.Release|Any CPU.Build.0 = Release|Any CPU
		{97204293-C7A4-4B66-9674-81AF86A6A4C5}.Debug|Any CPU.ActiveCfg = Debug|Any CPU
		{97204293-C7A4-4B66-9674-81AF86A6A4C5}.Debug|Any CPU.Build.0 = Debug|Any CPU
		{97204293-C7A4-4B66-9674-81AF86A6A4C5}.Release|Any CPU.ActiveCfg = Release|Any CPU
		{97204293-C7A4-4B66-9674-81AF86A6A4C5}.Release|Any CPU.Build.0 = Release|Any CPU
		{B2DC9ABA-B3BD-4D66-998E-9EADD4BFB4CF}.Debug|Any CPU.ActiveCfg = Debug|Any CPU
		{B2DC9ABA-B3BD-4D66-998E-9EADD4BFB4CF}.Debug|Any CPU.Build.0 = Debug|Any CPU
		{B2DC9ABA-B3BD-4D66-998E-9EADD4BFB4CF}.Release|Any CPU.ActiveCfg = Release|Any CPU
		{B2DC9ABA-B3BD-4D66-998E-9EADD4BFB4CF}.Release|Any CPU.Build.0 = Release|Any CPU
		{A7EB0E5F-69FC-4AF0-B8EA-560856B29020}.Debug|Any CPU.ActiveCfg = Debug|Any CPU
		{A7EB0E5F-69FC-4AF0-B8EA-560856B29020}.Debug|Any CPU.Build.0 = Debug|Any CPU
		{A7EB0E5F-69FC-4AF0-B8EA-560856B29020}.Release|Any CPU.ActiveCfg = Release|Any CPU
		{A7EB0E5F-69FC-4AF0-B8EA-560856B29020}.Release|Any CPU.Build.0 = Release|Any CPU
		{717691E3-E72A-43E2-B6D8-2F8881394A61}.Debug|Any CPU.ActiveCfg = Debug|Any CPU
		{717691E3-E72A-43E2-B6D8-2F8881394A61}.Debug|Any CPU.Build.0 = Debug|Any CPU
		{717691E3-E72A-43E2-B6D8-2F8881394A61}.Release|Any CPU.ActiveCfg = Release|Any CPU
		{717691E3-E72A-43E2-B6D8-2F8881394A61}.Release|Any CPU.Build.0 = Release|Any CPU
		{F0741FA9-21CA-493E-89A9-4863BE632A16}.Debug|Any CPU.ActiveCfg = Debug|Any CPU
		{F0741FA9-21CA-493E-89A9-4863BE632A16}.Debug|Any CPU.Build.0 = Debug|Any CPU
		{F0741FA9-21CA-493E-89A9-4863BE632A16}.Release|Any CPU.ActiveCfg = Release|Any CPU
		{F0741FA9-21CA-493E-89A9-4863BE632A16}.Release|Any CPU.Build.0 = Release|Any CPU
		{974C464F-4ECE-4C77-8E5E-E9CE5826635A}.Debug|Any CPU.ActiveCfg = Debug|Any CPU
		{974C464F-4ECE-4C77-8E5E-E9CE5826635A}.Debug|Any CPU.Build.0 = Debug|Any CPU
		{974C464F-4ECE-4C77-8E5E-E9CE5826635A}.Release|Any CPU.ActiveCfg = Release|Any CPU
		{974C464F-4ECE-4C77-8E5E-E9CE5826635A}.Release|Any CPU.Build.0 = Release|Any CPU
		{B45B941B-DD68-4B10-B591-174B8DC491C3}.Debug|Any CPU.ActiveCfg = Debug|Any CPU
		{B45B941B-DD68-4B10-B591-174B8DC491C3}.Debug|Any CPU.Build.0 = Debug|Any CPU
		{B45B941B-DD68-4B10-B591-174B8DC491C3}.Release|Any CPU.ActiveCfg = Release|Any CPU
		{B45B941B-DD68-4B10-B591-174B8DC491C3}.Release|Any CPU.Build.0 = Release|Any CPU
		{06489B51-6459-4C6E-ACED-F27A86975DCE}.Debug|Any CPU.ActiveCfg = Debug|Any CPU
		{06489B51-6459-4C6E-ACED-F27A86975DCE}.Debug|Any CPU.Build.0 = Debug|Any CPU
		{06489B51-6459-4C6E-ACED-F27A86975DCE}.Release|Any CPU.ActiveCfg = Release|Any CPU
		{06489B51-6459-4C6E-ACED-F27A86975DCE}.Release|Any CPU.Build.0 = Release|Any CPU
		{003E98CE-C0B2-4C6F-A0A0-E14F817EE6FC}.Debug|Any CPU.ActiveCfg = Debug|Any CPU
		{003E98CE-C0B2-4C6F-A0A0-E14F817EE6FC}.Debug|Any CPU.Build.0 = Debug|Any CPU
		{003E98CE-C0B2-4C6F-A0A0-E14F817EE6FC}.Release|Any CPU.ActiveCfg = Release|Any CPU
		{003E98CE-C0B2-4C6F-A0A0-E14F817EE6FC}.Release|Any CPU.Build.0 = Release|Any CPU
		{AA3B6D18-E347-4B79-9978-3C57198A124B}.Debug|Any CPU.ActiveCfg = Debug|Any CPU
		{AA3B6D18-E347-4B79-9978-3C57198A124B}.Debug|Any CPU.Build.0 = Debug|Any CPU
		{AA3B6D18-E347-4B79-9978-3C57198A124B}.Release|Any CPU.ActiveCfg = Release|Any CPU
		{AA3B6D18-E347-4B79-9978-3C57198A124B}.Release|Any CPU.Build.0 = Release|Any CPU
		{EF70D239-AE7C-4715-8760-740129F7A695}.Debug|Any CPU.ActiveCfg = Debug|Any CPU
		{EF70D239-AE7C-4715-8760-740129F7A695}.Debug|Any CPU.Build.0 = Debug|Any CPU
		{EF70D239-AE7C-4715-8760-740129F7A695}.Release|Any CPU.ActiveCfg = Release|Any CPU
		{EF70D239-AE7C-4715-8760-740129F7A695}.Release|Any CPU.Build.0 = Release|Any CPU
		{D9E41BCB-E49D-472F-BFDA-74211062F7FA}.Debug|Any CPU.ActiveCfg = Debug|Any CPU
		{D9E41BCB-E49D-472F-BFDA-74211062F7FA}.Debug|Any CPU.Build.0 = Debug|Any CPU
		{D9E41BCB-E49D-472F-BFDA-74211062F7FA}.Release|Any CPU.ActiveCfg = Release|Any CPU
		{D9E41BCB-E49D-472F-BFDA-74211062F7FA}.Release|Any CPU.Build.0 = Release|Any CPU
		{379CD9CA-69C5-40C0-B9A5-17000DE1C1E4}.Debug|Any CPU.ActiveCfg = Debug|Any CPU
		{379CD9CA-69C5-40C0-B9A5-17000DE1C1E4}.Debug|Any CPU.Build.0 = Debug|Any CPU
		{379CD9CA-69C5-40C0-B9A5-17000DE1C1E4}.Release|Any CPU.ActiveCfg = Release|Any CPU
		{379CD9CA-69C5-40C0-B9A5-17000DE1C1E4}.Release|Any CPU.Build.0 = Release|Any CPU
		{9042E167-CFDD-4208-A082-BD4740F31EF4}.Debug|Any CPU.ActiveCfg = Debug|Any CPU
		{9042E167-CFDD-4208-A082-BD4740F31EF4}.Debug|Any CPU.Build.0 = Debug|Any CPU
		{9042E167-CFDD-4208-A082-BD4740F31EF4}.Release|Any CPU.ActiveCfg = Release|Any CPU
		{9042E167-CFDD-4208-A082-BD4740F31EF4}.Release|Any CPU.Build.0 = Release|Any CPU
		{0F06383C-36A6-474C-A281-9E429C11E37D}.Debug|Any CPU.ActiveCfg = Debug|Any CPU
		{0F06383C-36A6-474C-A281-9E429C11E37D}.Debug|Any CPU.Build.0 = Debug|Any CPU
		{0F06383C-36A6-474C-A281-9E429C11E37D}.Release|Any CPU.ActiveCfg = Release|Any CPU
		{0F06383C-36A6-474C-A281-9E429C11E37D}.Release|Any CPU.Build.0 = Release|Any CPU
	EndGlobalSection
	GlobalSection(SolutionProperties) = preSolution
		HideSolutionNode = FALSE
	EndGlobalSection
EndGlobal
