
Microsoft Visual Studio Solution File, Format Version 12.00
# Visual Studio 2013
VisualStudioVersion = 12.0.21005.1
MinimumVisualStudioVersion = 10.0.40219.1
Project("{FAE04EC0-301F-11D3-BF4B-00C04F79EFBC}") = "01.CoffeeVendingMachine", "01.CoffeeVendingMachine\01.CoffeeVendingMachine.csproj", "{66A18B3E-5301-4437-AF1A-BE588F698EF5}"
EndProject
Project("{FAE04EC0-301F-11D3-BF4B-00C04F79EFBC}") = "02.DrunkenNumbers", "02.DrunkenNumbers\02.DrunkenNumbers.csproj", "{B5BAC439-529E-4347-939D-A4BD5DBCB89A}"
EndProject
Project("{FAE04EC0-301F-11D3-BF4B-00C04F79EFBC}") = "03.BullAndCows", "03.BullAndCows\03.BullAndCows.csproj", "{E1F471A3-65B0-4615-9C3C-D4DE6C42FC6B}"
EndProject
Project("{FAE04EC0-301F-11D3-BF4B-00C04F79EFBC}") = "05.NeuronMapping", "05.NeuronMapping\05.NeuronMapping.csproj", "{ABB466FB-EC83-408A-8680-F981E3676926}"
EndProject
Project("{FAE04EC0-301F-11D3-BF4B-00C04F79EFBC}") = "01.Garden", "01.Garden\01.Garden.csproj", "{24D5D5B1-57FE-4D2B-BEC9-0E0D0C9FED36}"
EndProject
Project("{FAE04EC0-301F-11D3-BF4B-00C04F79EFBC}") = "02.TheSecretsOfNumbers", "02.TheSecretsOfNumbers\02.TheSecretsOfNumbers.csproj", "{A2873A26-0A12-4681-96C7-6DDFC1A6D551}"
EndProject
Project("{FAE04EC0-301F-11D3-BF4B-00C04F79EFBC}") = "03.CardWars", "03.CardWars\03.CardWars.csproj", "{FB40DD81-2DAB-4CB2-8B03-A6DAA54A95B7}"
EndProject
Project("{FAE04EC0-301F-11D3-BF4B-00C04F79EFBC}") = "04.BatGoikoTower", "04.BatGoikoTower\04.BatGoikoTower.csproj", "{944691B7-9CE3-4D4D-A7F7-E3A52174F165}"
EndProject
Project("{FAE04EC0-301F-11D3-BF4B-00C04F79EFBC}") = "05.Bittris", "05.Bittris\05.Bittris.csproj", "{81635917-35C0-4BB3-BB69-77204D363D32}"
EndProject
Project("{FAE04EC0-301F-11D3-BF4B-00C04F79EFBC}") = "01.ShipDamage", "01.ShipDamage\01.ShipDamage.csproj", "{5374F4C8-DD3F-4DB2-9D44-91A462D83C3F}"
EndProject
Project("{FAE04EC0-301F-11D3-BF4B-00C04F79EFBC}") = "02.Tribonacci", "02.Tribonacci\02.Tribonacci.csproj", "{7BFBA72E-8FF7-4124-8965-B140654499E6}"
EndProject
Project("{FAE04EC0-301F-11D3-BF4B-00C04F79EFBC}") = "04.WeAllLoveBits", "04.WeAllLoveBits\04.WeAllLoveBits.csproj", "{012986CC-3FD3-45A6-BCEB-DDDA02D382D6}"
EndProject
Project("{FAE04EC0-301F-11D3-BF4B-00C04F79EFBC}") = "05.Pillars", "05.Pillars\05.Pillars.csproj", "{1C853E56-A5A1-43AB-96CE-D7E4BA2BA0A3}"
EndProject
Project("{FAE04EC0-301F-11D3-BF4B-00C04F79EFBC}") = "01.FigherAttack", "01.FigherAttack\01.FigherAttack.csproj", "{CB1E0274-C32D-49B0-88BF-4CFA440700D1}"
EndProject
Project("{FAE04EC0-301F-11D3-BF4B-00C04F79EFBC}") = "02.AstrologicalDigits", "02.AstrologicalDigits\02.AstrologicalDigits.csproj", "{80D58A3D-C458-4E6F-A02F-BF02D216DF7F}"
EndProject
Project("{FAE04EC0-301F-11D3-BF4B-00C04F79EFBC}") = "04.Fire", "04.Fire\04.Fire.csproj", "{D718D476-FC58-4816-8860-D5FD32CFB359}"
EndProject
Project("{FAE04EC0-301F-11D3-BF4B-00C04F79EFBC}") = "01.NextDate", "01.NextDate\01.NextDate.csproj", "{79D95DA7-9BE3-4C5C-B363-E5A7ADEA2E4D}"
EndProject
Project("{FAE04EC0-301F-11D3-BF4B-00C04F79EFBC}") = "02.TribonacciTriangle", "02.TribonacciTriangle\02.TribonacciTriangle.csproj", "{4BD2B339-8B8B-48BF-8BCC-F424FBE0CDB6}"
EndProject
Project("{FAE04EC0-301F-11D3-BF4B-00C04F79EFBC}") = "03.Sheets", "03.Sheets\03.Sheets.csproj", "{502F1BC9-F454-4161-BF11-3129CFA74FFC}"
EndProject
Project("{FAE04EC0-301F-11D3-BF4B-00C04F79EFBC}") = "04.Carpets", "04.Carpets\04.Carpets.csproj", "{C4840E3F-40F1-426D-8EB8-F76655161FD8}"
EndProject
Project("{FAE04EC0-301F-11D3-BF4B-00C04F79EFBC}") = "05.FormulaBit1", "05.FormulaBit1\05.FormulaBit1.csproj", "{3F5F299E-DA30-47A9-BFE7-B1343EF44190}"
EndProject
Project("{FAE04EC0-301F-11D3-BF4B-00C04F79EFBC}") = "01.SevenlandNumbers", "01.SevenlandNumbers\01.SevenlandNumbers.csproj", "{C27DDCDC-9782-48F9-A3EB-CFCB535BF072}"
EndProject
Project("{FAE04EC0-301F-11D3-BF4B-00C04F79EFBC}") = "02.A-nacci", "02.A-nacci\02.A-nacci.csproj", "{6123CC5B-9559-472D-B68E-988075D0A5AA}"
EndProject
Project("{FAE04EC0-301F-11D3-BF4B-00C04F79EFBC}") = "03.ExcelColumns", "03.ExcelColumns\03.ExcelColumns.csproj", "{BF6E2762-95C2-4CB8-A8D6-BF8C0E4ADF2E}"
EndProject
Project("{FAE04EC0-301F-11D3-BF4B-00C04F79EFBC}") = "04.TelerikLogo", "04.TelerikLogo\04.TelerikLogo.csproj", "{B907B922-753C-4796-9262-181D6AEA3268}"
EndProject
Project("{FAE04EC0-301F-11D3-BF4B-00C04F79EFBC}") = "05.BitBall", "05.BitBall\05.BitBall.csproj", "{F724A792-3EF7-4C8F-A18E-A1882F5E21AB}"
EndProject
Project("{FAE04EC0-301F-11D3-BF4B-00C04F79EFBC}") = "01.TrippleRotationOfDigits", "01.TrippleRotationOfDigits\01.TrippleRotationOfDigits.csproj", "{182665A6-4529-4E88-9BF7-22FAD1C12695}"
EndProject
Project("{FAE04EC0-301F-11D3-BF4B-00C04F79EFBC}") = "02.QuadronacciRectangle", "02.QuadronacciRectangle\02.QuadronacciRectangle.csproj", "{455652E4-3227-466B-BC2D-D5202C4FB4CE}"
EndProject
Project("{FAE04EC0-301F-11D3-BF4B-00C04F79EFBC}") = "03.Poker", "03.Poker\03.Poker.csproj", "{360AAD21-3D2A-45B8-99E3-320D02D850FC}"
EndProject
Project("{FAE04EC0-301F-11D3-BF4B-00C04F79EFBC}") = "04.UKflag", "04.UKflag\04.UKflag.csproj", "{ACF7D9ED-A543-40CB-BCA7-CC8C49AC1253}"
EndProject
Project("{FAE04EC0-301F-11D3-BF4B-00C04F79EFBC}") = "05.AngryBits", "05.AngryBits\05.AngryBits.csproj", "{8DA3385B-7888-4988-B35E-88554F96CBA2}"
EndProject
Project("{FAE04EC0-301F-11D3-BF4B-00C04F79EFBC}") = "03.SandGlass", "03.SandGlass\03.SandGlass.csproj", "{BF0202BB-AD20-4C95-8B44-AF1B0E4C28C0}"
EndProject
Project("{FAE04EC0-301F-11D3-BF4B-00C04F79EFBC}") = "04.DancingBits", "04.DancingBits\04.DancingBits.csproj", "{7ABB2E6E-084D-4B9F-9033-788B8C260D5B}"
EndProject
Project("{FAE04EC0-301F-11D3-BF4B-00C04F79EFBC}") = "05.Lines", "05.Lines\05.Lines.csproj", "{8F268D41-3DDF-4895-838F-6A2F0046C2A0}"
EndProject
Project("{FAE04EC0-301F-11D3-BF4B-00C04F79EFBC}") = "01.MathExpression", "01.MathExpression\01.MathExpression.csproj", "{0C8962D7-66EC-43D6-A470-CAAE8375300A}"
EndProject
Project("{FAE04EC0-301F-11D3-BF4B-00C04F79EFBC}") = "02.LeastMajorityMultiple", "02.LeastMajorityMultiple\02.LeastMajorityMultiple.csproj", "{DC57AFA3-9D78-4A29-BB56-2313C19C8FBF}"
EndProject
Project("{FAE04EC0-301F-11D3-BF4B-00C04F79EFBC}") = "03.Trapezoid", "03.Trapezoid\03.Trapezoid.csproj", "{ECB77774-6067-4E0E-AD01-6FBBA583142D}"
EndProject
Project("{FAE04EC0-301F-11D3-BF4B-00C04F79EFBC}") = "04.OddNumber", "04.OddNumber\04.OddNumber.csproj", "{B6B14DAC-B719-41BE-8AE5-5955237F08DD}"
EndProject
Project("{FAE04EC0-301F-11D3-BF4B-00C04F79EFBC}") = "05.FallDown", "05.FallDown\05.FallDown.csproj", "{4FF1CD87-6EA3-4AE9-B50B-BEC89279C4D1}"
EndProject
Project("{FAE04EC0-301F-11D3-BF4B-00C04F79EFBC}") = "01.CartesianCoordSystem", "01.CartesianCoordSystem\01.CartesianCoordSystem.csproj", "{2612B46A-2B00-4EF4-9E8C-0B5329F14553}"
EndProject
Project("{FAE04EC0-301F-11D3-BF4B-00C04F79EFBC}") = "02.MissCat", "02.MissCat\02.MissCat.csproj", "{8D0E1797-D926-4134-BF63-6135185EB38E}"
EndProject
Project("{FAE04EC0-301F-11D3-BF4B-00C04F79EFBC}") = "03.ForestRoad", "03.ForestRoad\03.ForestRoad.csproj", "{7C178B17-FD3E-4169-8E00-41A353DE8BCF}"
EndProject
Project("{FAE04EC0-301F-11D3-BF4B-00C04F79EFBC}") = "04.BinaryDigitsCount", "04.BinaryDigitsCount\04.BinaryDigitsCount.csproj", "{A33A00DF-F312-4998-B37E-56E87C38C69A}"
EndProject
Project("{FAE04EC0-301F-11D3-BF4B-00C04F79EFBC}") = "05.SubsetSums", "05.SubsetSums\05.SubsetSums.csproj", "{DA0ECF80-2429-421D-8CFB-5757EABEC19D}"
EndProject
Project("{FAE04EC0-301F-11D3-BF4B-00C04F79EFBC}") = "03.FirTree", "03.FirTree\03.FirTree.csproj", "{1742B102-9B59-411C-A9DB-224BBED45FEB}"
EndProject
Global
	GlobalSection(SolutionConfigurationPlatforms) = preSolution
		Debug|Any CPU = Debug|Any CPU
		Release|Any CPU = Release|Any CPU
	EndGlobalSection
	GlobalSection(ProjectConfigurationPlatforms) = postSolution
		{66A18B3E-5301-4437-AF1A-BE588F698EF5}.Debug|Any CPU.ActiveCfg = Debug|Any CPU
		{66A18B3E-5301-4437-AF1A-BE588F698EF5}.Debug|Any CPU.Build.0 = Debug|Any CPU
		{66A18B3E-5301-4437-AF1A-BE588F698EF5}.Release|Any CPU.ActiveCfg = Release|Any CPU
		{66A18B3E-5301-4437-AF1A-BE588F698EF5}.Release|Any CPU.Build.0 = Release|Any CPU
		{B5BAC439-529E-4347-939D-A4BD5DBCB89A}.Debug|Any CPU.ActiveCfg = Debug|Any CPU
		{B5BAC439-529E-4347-939D-A4BD5DBCB89A}.Debug|Any CPU.Build.0 = Debug|Any CPU
		{B5BAC439-529E-4347-939D-A4BD5DBCB89A}.Release|Any CPU.ActiveCfg = Release|Any CPU
		{B5BAC439-529E-4347-939D-A4BD5DBCB89A}.Release|Any CPU.Build.0 = Release|Any CPU
		{E1F471A3-65B0-4615-9C3C-D4DE6C42FC6B}.Debug|Any CPU.ActiveCfg = Debug|Any CPU
		{E1F471A3-65B0-4615-9C3C-D4DE6C42FC6B}.Debug|Any CPU.Build.0 = Debug|Any CPU
		{E1F471A3-65B0-4615-9C3C-D4DE6C42FC6B}.Release|Any CPU.ActiveCfg = Release|Any CPU
		{E1F471A3-65B0-4615-9C3C-D4DE6C42FC6B}.Release|Any CPU.Build.0 = Release|Any CPU
		{ABB466FB-EC83-408A-8680-F981E3676926}.Debug|Any CPU.ActiveCfg = Debug|Any CPU
		{ABB466FB-EC83-408A-8680-F981E3676926}.Debug|Any CPU.Build.0 = Debug|Any CPU
		{ABB466FB-EC83-408A-8680-F981E3676926}.Release|Any CPU.ActiveCfg = Release|Any CPU
		{ABB466FB-EC83-408A-8680-F981E3676926}.Release|Any CPU.Build.0 = Release|Any CPU
		{24D5D5B1-57FE-4D2B-BEC9-0E0D0C9FED36}.Debug|Any CPU.ActiveCfg = Debug|Any CPU
		{24D5D5B1-57FE-4D2B-BEC9-0E0D0C9FED36}.Debug|Any CPU.Build.0 = Debug|Any CPU
		{24D5D5B1-57FE-4D2B-BEC9-0E0D0C9FED36}.Release|Any CPU.ActiveCfg = Release|Any CPU
		{24D5D5B1-57FE-4D2B-BEC9-0E0D0C9FED36}.Release|Any CPU.Build.0 = Release|Any CPU
		{A2873A26-0A12-4681-96C7-6DDFC1A6D551}.Debug|Any CPU.ActiveCfg = Debug|Any CPU
		{A2873A26-0A12-4681-96C7-6DDFC1A6D551}.Debug|Any CPU.Build.0 = Debug|Any CPU
		{A2873A26-0A12-4681-96C7-6DDFC1A6D551}.Release|Any CPU.ActiveCfg = Release|Any CPU
		{A2873A26-0A12-4681-96C7-6DDFC1A6D551}.Release|Any CPU.Build.0 = Release|Any CPU
		{FB40DD81-2DAB-4CB2-8B03-A6DAA54A95B7}.Debug|Any CPU.ActiveCfg = Debug|Any CPU
		{FB40DD81-2DAB-4CB2-8B03-A6DAA54A95B7}.Debug|Any CPU.Build.0 = Debug|Any CPU
		{FB40DD81-2DAB-4CB2-8B03-A6DAA54A95B7}.Release|Any CPU.ActiveCfg = Release|Any CPU
		{FB40DD81-2DAB-4CB2-8B03-A6DAA54A95B7}.Release|Any CPU.Build.0 = Release|Any CPU
		{944691B7-9CE3-4D4D-A7F7-E3A52174F165}.Debug|Any CPU.ActiveCfg = Debug|Any CPU
		{944691B7-9CE3-4D4D-A7F7-E3A52174F165}.Debug|Any CPU.Build.0 = Debug|Any CPU
		{944691B7-9CE3-4D4D-A7F7-E3A52174F165}.Release|Any CPU.ActiveCfg = Release|Any CPU
		{944691B7-9CE3-4D4D-A7F7-E3A52174F165}.Release|Any CPU.Build.0 = Release|Any CPU
		{81635917-35C0-4BB3-BB69-77204D363D32}.Debug|Any CPU.ActiveCfg = Debug|Any CPU
		{81635917-35C0-4BB3-BB69-77204D363D32}.Debug|Any CPU.Build.0 = Debug|Any CPU
		{81635917-35C0-4BB3-BB69-77204D363D32}.Release|Any CPU.ActiveCfg = Release|Any CPU
		{81635917-35C0-4BB3-BB69-77204D363D32}.Release|Any CPU.Build.0 = Release|Any CPU
		{5374F4C8-DD3F-4DB2-9D44-91A462D83C3F}.Debug|Any CPU.ActiveCfg = Debug|Any CPU
		{5374F4C8-DD3F-4DB2-9D44-91A462D83C3F}.Debug|Any CPU.Build.0 = Debug|Any CPU
		{5374F4C8-DD3F-4DB2-9D44-91A462D83C3F}.Release|Any CPU.ActiveCfg = Release|Any CPU
		{5374F4C8-DD3F-4DB2-9D44-91A462D83C3F}.Release|Any CPU.Build.0 = Release|Any CPU
		{7BFBA72E-8FF7-4124-8965-B140654499E6}.Debug|Any CPU.ActiveCfg = Debug|Any CPU
		{7BFBA72E-8FF7-4124-8965-B140654499E6}.Debug|Any CPU.Build.0 = Debug|Any CPU
		{7BFBA72E-8FF7-4124-8965-B140654499E6}.Release|Any CPU.ActiveCfg = Release|Any CPU
		{7BFBA72E-8FF7-4124-8965-B140654499E6}.Release|Any CPU.Build.0 = Release|Any CPU
		{012986CC-3FD3-45A6-BCEB-DDDA02D382D6}.Debug|Any CPU.ActiveCfg = Debug|Any CPU
		{012986CC-3FD3-45A6-BCEB-DDDA02D382D6}.Debug|Any CPU.Build.0 = Debug|Any CPU
		{012986CC-3FD3-45A6-BCEB-DDDA02D382D6}.Release|Any CPU.ActiveCfg = Release|Any CPU
		{012986CC-3FD3-45A6-BCEB-DDDA02D382D6}.Release|Any CPU.Build.0 = Release|Any CPU
		{1C853E56-A5A1-43AB-96CE-D7E4BA2BA0A3}.Debug|Any CPU.ActiveCfg = Debug|Any CPU
		{1C853E56-A5A1-43AB-96CE-D7E4BA2BA0A3}.Debug|Any CPU.Build.0 = Debug|Any CPU
		{1C853E56-A5A1-43AB-96CE-D7E4BA2BA0A3}.Release|Any CPU.ActiveCfg = Release|Any CPU
		{1C853E56-A5A1-43AB-96CE-D7E4BA2BA0A3}.Release|Any CPU.Build.0 = Release|Any CPU
		{CB1E0274-C32D-49B0-88BF-4CFA440700D1}.Debug|Any CPU.ActiveCfg = Debug|Any CPU
		{CB1E0274-C32D-49B0-88BF-4CFA440700D1}.Debug|Any CPU.Build.0 = Debug|Any CPU
		{CB1E0274-C32D-49B0-88BF-4CFA440700D1}.Release|Any CPU.ActiveCfg = Release|Any CPU
		{CB1E0274-C32D-49B0-88BF-4CFA440700D1}.Release|Any CPU.Build.0 = Release|Any CPU
		{80D58A3D-C458-4E6F-A02F-BF02D216DF7F}.Debug|Any CPU.ActiveCfg = Debug|Any CPU
		{80D58A3D-C458-4E6F-A02F-BF02D216DF7F}.Debug|Any CPU.Build.0 = Debug|Any CPU
		{80D58A3D-C458-4E6F-A02F-BF02D216DF7F}.Release|Any CPU.ActiveCfg = Release|Any CPU
		{80D58A3D-C458-4E6F-A02F-BF02D216DF7F}.Release|Any CPU.Build.0 = Release|Any CPU
		{D718D476-FC58-4816-8860-D5FD32CFB359}.Debug|Any CPU.ActiveCfg = Debug|Any CPU
		{D718D476-FC58-4816-8860-D5FD32CFB359}.Debug|Any CPU.Build.0 = Debug|Any CPU
		{D718D476-FC58-4816-8860-D5FD32CFB359}.Release|Any CPU.ActiveCfg = Release|Any CPU
		{D718D476-FC58-4816-8860-D5FD32CFB359}.Release|Any CPU.Build.0 = Release|Any CPU
		{79D95DA7-9BE3-4C5C-B363-E5A7ADEA2E4D}.Debug|Any CPU.ActiveCfg = Debug|Any CPU
		{79D95DA7-9BE3-4C5C-B363-E5A7ADEA2E4D}.Debug|Any CPU.Build.0 = Debug|Any CPU
		{79D95DA7-9BE3-4C5C-B363-E5A7ADEA2E4D}.Release|Any CPU.ActiveCfg = Release|Any CPU
		{79D95DA7-9BE3-4C5C-B363-E5A7ADEA2E4D}.Release|Any CPU.Build.0 = Release|Any CPU
		{4BD2B339-8B8B-48BF-8BCC-F424FBE0CDB6}.Debug|Any CPU.ActiveCfg = Debug|Any CPU
		{4BD2B339-8B8B-48BF-8BCC-F424FBE0CDB6}.Debug|Any CPU.Build.0 = Debug|Any CPU
		{4BD2B339-8B8B-48BF-8BCC-F424FBE0CDB6}.Release|Any CPU.ActiveCfg = Release|Any CPU
		{4BD2B339-8B8B-48BF-8BCC-F424FBE0CDB6}.Release|Any CPU.Build.0 = Release|Any CPU
		{502F1BC9-F454-4161-BF11-3129CFA74FFC}.Debug|Any CPU.ActiveCfg = Debug|Any CPU
		{502F1BC9-F454-4161-BF11-3129CFA74FFC}.Debug|Any CPU.Build.0 = Debug|Any CPU
		{502F1BC9-F454-4161-BF11-3129CFA74FFC}.Release|Any CPU.ActiveCfg = Release|Any CPU
		{502F1BC9-F454-4161-BF11-3129CFA74FFC}.Release|Any CPU.Build.0 = Release|Any CPU
		{C4840E3F-40F1-426D-8EB8-F76655161FD8}.Debug|Any CPU.ActiveCfg = Debug|Any CPU
		{C4840E3F-40F1-426D-8EB8-F76655161FD8}.Debug|Any CPU.Build.0 = Debug|Any CPU
		{C4840E3F-40F1-426D-8EB8-F76655161FD8}.Release|Any CPU.ActiveCfg = Release|Any CPU
		{C4840E3F-40F1-426D-8EB8-F76655161FD8}.Release|Any CPU.Build.0 = Release|Any CPU
		{3F5F299E-DA30-47A9-BFE7-B1343EF44190}.Debug|Any CPU.ActiveCfg = Debug|Any CPU
		{3F5F299E-DA30-47A9-BFE7-B1343EF44190}.Debug|Any CPU.Build.0 = Debug|Any CPU
		{3F5F299E-DA30-47A9-BFE7-B1343EF44190}.Release|Any CPU.ActiveCfg = Release|Any CPU
		{3F5F299E-DA30-47A9-BFE7-B1343EF44190}.Release|Any CPU.Build.0 = Release|Any CPU
		{C27DDCDC-9782-48F9-A3EB-CFCB535BF072}.Debug|Any CPU.ActiveCfg = Debug|Any CPU
		{C27DDCDC-9782-48F9-A3EB-CFCB535BF072}.Debug|Any CPU.Build.0 = Debug|Any CPU
		{C27DDCDC-9782-48F9-A3EB-CFCB535BF072}.Release|Any CPU.ActiveCfg = Release|Any CPU
		{C27DDCDC-9782-48F9-A3EB-CFCB535BF072}.Release|Any CPU.Build.0 = Release|Any CPU
		{6123CC5B-9559-472D-B68E-988075D0A5AA}.Debug|Any CPU.ActiveCfg = Debug|Any CPU
		{6123CC5B-9559-472D-B68E-988075D0A5AA}.Debug|Any CPU.Build.0 = Debug|Any CPU
		{6123CC5B-9559-472D-B68E-988075D0A5AA}.Release|Any CPU.ActiveCfg = Release|Any CPU
		{6123CC5B-9559-472D-B68E-988075D0A5AA}.Release|Any CPU.Build.0 = Release|Any CPU
		{BF6E2762-95C2-4CB8-A8D6-BF8C0E4ADF2E}.Debug|Any CPU.ActiveCfg = Debug|Any CPU
		{BF6E2762-95C2-4CB8-A8D6-BF8C0E4ADF2E}.Debug|Any CPU.Build.0 = Debug|Any CPU
		{BF6E2762-95C2-4CB8-A8D6-BF8C0E4ADF2E}.Release|Any CPU.ActiveCfg = Release|Any CPU
		{BF6E2762-95C2-4CB8-A8D6-BF8C0E4ADF2E}.Release|Any CPU.Build.0 = Release|Any CPU
		{B907B922-753C-4796-9262-181D6AEA3268}.Debug|Any CPU.ActiveCfg = Debug|Any CPU
		{B907B922-753C-4796-9262-181D6AEA3268}.Debug|Any CPU.Build.0 = Debug|Any CPU
		{B907B922-753C-4796-9262-181D6AEA3268}.Release|Any CPU.ActiveCfg = Release|Any CPU
		{B907B922-753C-4796-9262-181D6AEA3268}.Release|Any CPU.Build.0 = Release|Any CPU
		{F724A792-3EF7-4C8F-A18E-A1882F5E21AB}.Debug|Any CPU.ActiveCfg = Debug|Any CPU
		{F724A792-3EF7-4C8F-A18E-A1882F5E21AB}.Debug|Any CPU.Build.0 = Debug|Any CPU
		{F724A792-3EF7-4C8F-A18E-A1882F5E21AB}.Release|Any CPU.ActiveCfg = Release|Any CPU
		{F724A792-3EF7-4C8F-A18E-A1882F5E21AB}.Release|Any CPU.Build.0 = Release|Any CPU
		{182665A6-4529-4E88-9BF7-22FAD1C12695}.Debug|Any CPU.ActiveCfg = Debug|Any CPU
		{182665A6-4529-4E88-9BF7-22FAD1C12695}.Debug|Any CPU.Build.0 = Debug|Any CPU
		{182665A6-4529-4E88-9BF7-22FAD1C12695}.Release|Any CPU.ActiveCfg = Release|Any CPU
		{182665A6-4529-4E88-9BF7-22FAD1C12695}.Release|Any CPU.Build.0 = Release|Any CPU
		{455652E4-3227-466B-BC2D-D5202C4FB4CE}.Debug|Any CPU.ActiveCfg = Debug|Any CPU
		{455652E4-3227-466B-BC2D-D5202C4FB4CE}.Debug|Any CPU.Build.0 = Debug|Any CPU
		{455652E4-3227-466B-BC2D-D5202C4FB4CE}.Release|Any CPU.ActiveCfg = Release|Any CPU
		{455652E4-3227-466B-BC2D-D5202C4FB4CE}.Release|Any CPU.Build.0 = Release|Any CPU
		{360AAD21-3D2A-45B8-99E3-320D02D850FC}.Debug|Any CPU.ActiveCfg = Debug|Any CPU
		{360AAD21-3D2A-45B8-99E3-320D02D850FC}.Debug|Any CPU.Build.0 = Debug|Any CPU
		{360AAD21-3D2A-45B8-99E3-320D02D850FC}.Release|Any CPU.ActiveCfg = Release|Any CPU
		{360AAD21-3D2A-45B8-99E3-320D02D850FC}.Release|Any CPU.Build.0 = Release|Any CPU
		{ACF7D9ED-A543-40CB-BCA7-CC8C49AC1253}.Debug|Any CPU.ActiveCfg = Debug|Any CPU
		{ACF7D9ED-A543-40CB-BCA7-CC8C49AC1253}.Debug|Any CPU.Build.0 = Debug|Any CPU
		{ACF7D9ED-A543-40CB-BCA7-CC8C49AC1253}.Release|Any CPU.ActiveCfg = Release|Any CPU
		{ACF7D9ED-A543-40CB-BCA7-CC8C49AC1253}.Release|Any CPU.Build.0 = Release|Any CPU
		{8DA3385B-7888-4988-B35E-88554F96CBA2}.Debug|Any CPU.ActiveCfg = Debug|Any CPU
		{8DA3385B-7888-4988-B35E-88554F96CBA2}.Debug|Any CPU.Build.0 = Debug|Any CPU
		{8DA3385B-7888-4988-B35E-88554F96CBA2}.Release|Any CPU.ActiveCfg = Release|Any CPU
		{8DA3385B-7888-4988-B35E-88554F96CBA2}.Release|Any CPU.Build.0 = Release|Any CPU
		{BF0202BB-AD20-4C95-8B44-AF1B0E4C28C0}.Debug|Any CPU.ActiveCfg = Debug|Any CPU
		{BF0202BB-AD20-4C95-8B44-AF1B0E4C28C0}.Debug|Any CPU.Build.0 = Debug|Any CPU
		{BF0202BB-AD20-4C95-8B44-AF1B0E4C28C0}.Release|Any CPU.ActiveCfg = Release|Any CPU
		{BF0202BB-AD20-4C95-8B44-AF1B0E4C28C0}.Release|Any CPU.Build.0 = Release|Any CPU
		{7ABB2E6E-084D-4B9F-9033-788B8C260D5B}.Debug|Any CPU.ActiveCfg = Debug|Any CPU
		{7ABB2E6E-084D-4B9F-9033-788B8C260D5B}.Debug|Any CPU.Build.0 = Debug|Any CPU
		{7ABB2E6E-084D-4B9F-9033-788B8C260D5B}.Release|Any CPU.ActiveCfg = Release|Any CPU
		{7ABB2E6E-084D-4B9F-9033-788B8C260D5B}.Release|Any CPU.Build.0 = Release|Any CPU
		{8F268D41-3DDF-4895-838F-6A2F0046C2A0}.Debug|Any CPU.ActiveCfg = Debug|Any CPU
		{8F268D41-3DDF-4895-838F-6A2F0046C2A0}.Debug|Any CPU.Build.0 = Debug|Any CPU
		{8F268D41-3DDF-4895-838F-6A2F0046C2A0}.Release|Any CPU.ActiveCfg = Release|Any CPU
		{8F268D41-3DDF-4895-838F-6A2F0046C2A0}.Release|Any CPU.Build.0 = Release|Any CPU
		{0C8962D7-66EC-43D6-A470-CAAE8375300A}.Debug|Any CPU.ActiveCfg = Debug|Any CPU
		{0C8962D7-66EC-43D6-A470-CAAE8375300A}.Debug|Any CPU.Build.0 = Debug|Any CPU
		{0C8962D7-66EC-43D6-A470-CAAE8375300A}.Release|Any CPU.ActiveCfg = Release|Any CPU
		{0C8962D7-66EC-43D6-A470-CAAE8375300A}.Release|Any CPU.Build.0 = Release|Any CPU
		{DC57AFA3-9D78-4A29-BB56-2313C19C8FBF}.Debug|Any CPU.ActiveCfg = Debug|Any CPU
		{DC57AFA3-9D78-4A29-BB56-2313C19C8FBF}.Debug|Any CPU.Build.0 = Debug|Any CPU
		{DC57AFA3-9D78-4A29-BB56-2313C19C8FBF}.Release|Any CPU.ActiveCfg = Release|Any CPU
		{DC57AFA3-9D78-4A29-BB56-2313C19C8FBF}.Release|Any CPU.Build.0 = Release|Any CPU
		{ECB77774-6067-4E0E-AD01-6FBBA583142D}.Debug|Any CPU.ActiveCfg = Debug|Any CPU
		{ECB77774-6067-4E0E-AD01-6FBBA583142D}.Debug|Any CPU.Build.0 = Debug|Any CPU
		{ECB77774-6067-4E0E-AD01-6FBBA583142D}.Release|Any CPU.ActiveCfg = Release|Any CPU
		{ECB77774-6067-4E0E-AD01-6FBBA583142D}.Release|Any CPU.Build.0 = Release|Any CPU
		{B6B14DAC-B719-41BE-8AE5-5955237F08DD}.Debug|Any CPU.ActiveCfg = Debug|Any CPU
		{B6B14DAC-B719-41BE-8AE5-5955237F08DD}.Debug|Any CPU.Build.0 = Debug|Any CPU
		{B6B14DAC-B719-41BE-8AE5-5955237F08DD}.Release|Any CPU.ActiveCfg = Release|Any CPU
		{B6B14DAC-B719-41BE-8AE5-5955237F08DD}.Release|Any CPU.Build.0 = Release|Any CPU
		{4FF1CD87-6EA3-4AE9-B50B-BEC89279C4D1}.Debug|Any CPU.ActiveCfg = Debug|Any CPU
		{4FF1CD87-6EA3-4AE9-B50B-BEC89279C4D1}.Debug|Any CPU.Build.0 = Debug|Any CPU
		{4FF1CD87-6EA3-4AE9-B50B-BEC89279C4D1}.Release|Any CPU.ActiveCfg = Release|Any CPU
		{4FF1CD87-6EA3-4AE9-B50B-BEC89279C4D1}.Release|Any CPU.Build.0 = Release|Any CPU
		{2612B46A-2B00-4EF4-9E8C-0B5329F14553}.Debug|Any CPU.ActiveCfg = Debug|Any CPU
		{2612B46A-2B00-4EF4-9E8C-0B5329F14553}.Debug|Any CPU.Build.0 = Debug|Any CPU
		{2612B46A-2B00-4EF4-9E8C-0B5329F14553}.Release|Any CPU.ActiveCfg = Release|Any CPU
		{2612B46A-2B00-4EF4-9E8C-0B5329F14553}.Release|Any CPU.Build.0 = Release|Any CPU
		{8D0E1797-D926-4134-BF63-6135185EB38E}.Debug|Any CPU.ActiveCfg = Debug|Any CPU
		{8D0E1797-D926-4134-BF63-6135185EB38E}.Debug|Any CPU.Build.0 = Debug|Any CPU
		{8D0E1797-D926-4134-BF63-6135185EB38E}.Release|Any CPU.ActiveCfg = Release|Any CPU
		{8D0E1797-D926-4134-BF63-6135185EB38E}.Release|Any CPU.Build.0 = Release|Any CPU
		{7C178B17-FD3E-4169-8E00-41A353DE8BCF}.Debug|Any CPU.ActiveCfg = Debug|Any CPU
		{7C178B17-FD3E-4169-8E00-41A353DE8BCF}.Debug|Any CPU.Build.0 = Debug|Any CPU
		{7C178B17-FD3E-4169-8E00-41A353DE8BCF}.Release|Any CPU.ActiveCfg = Release|Any CPU
		{7C178B17-FD3E-4169-8E00-41A353DE8BCF}.Release|Any CPU.Build.0 = Release|Any CPU
		{A33A00DF-F312-4998-B37E-56E87C38C69A}.Debug|Any CPU.ActiveCfg = Debug|Any CPU
		{A33A00DF-F312-4998-B37E-56E87C38C69A}.Debug|Any CPU.Build.0 = Debug|Any CPU
		{A33A00DF-F312-4998-B37E-56E87C38C69A}.Release|Any CPU.ActiveCfg = Release|Any CPU
		{A33A00DF-F312-4998-B37E-56E87C38C69A}.Release|Any CPU.Build.0 = Release|Any CPU
		{DA0ECF80-2429-421D-8CFB-5757EABEC19D}.Debug|Any CPU.ActiveCfg = Debug|Any CPU
		{DA0ECF80-2429-421D-8CFB-5757EABEC19D}.Debug|Any CPU.Build.0 = Debug|Any CPU
		{DA0ECF80-2429-421D-8CFB-5757EABEC19D}.Release|Any CPU.ActiveCfg = Release|Any CPU
		{DA0ECF80-2429-421D-8CFB-5757EABEC19D}.Release|Any CPU.Build.0 = Release|Any CPU
		{1742B102-9B59-411C-A9DB-224BBED45FEB}.Debug|Any CPU.ActiveCfg = Debug|Any CPU
		{1742B102-9B59-411C-A9DB-224BBED45FEB}.Debug|Any CPU.Build.0 = Debug|Any CPU
		{1742B102-9B59-411C-A9DB-224BBED45FEB}.Release|Any CPU.ActiveCfg = Release|Any CPU
		{1742B102-9B59-411C-A9DB-224BBED45FEB}.Release|Any CPU.Build.0 = Release|Any CPU
	EndGlobalSection
	GlobalSection(SolutionProperties) = preSolution
		HideSolutionNode = FALSE
	EndGlobalSection
EndGlobal
