
Microsoft Visual Studio Solution File, Format Version 12.00
# Visual Studio 2013
VisualStudioVersion = 12.0.30501.0
MinimumVisualStudioVersion = 10.0.40219.1
Project("{FAE04EC0-301F-11D3-BF4B-00C04F79EFBC}") = "01.OrganizeStraightLineCode", "01.OrganizeStraightLineCode\01.OrganizeStraightLineCode.csproj", "{64E5C973-768E-4B29-8C21-266708F4D181}"
EndProject
Project("{FAE04EC0-301F-11D3-BF4B-00C04F79EFBC}") = "02.RefactorIfStatements", "02.RefactorIfStatements\02.RefactorIfStatements.csproj", "{8DD137E8-FF67-442D-94E0-8FE9AEDC70F2}"
EndProject
Project("{FAE04EC0-301F-11D3-BF4B-00C04F79EFBC}") = "03.RefactorLoop", "03.RefactorLoop\03.RefactorLoop.csproj", "{A958FB30-A597-4920-AB0B-46448C5602C9}"
EndProject
Global
	GlobalSection(SolutionConfigurationPlatforms) = preSolution
		Debug|Any CPU = Debug|Any CPU
		Release|Any CPU = Release|Any CPU
	EndGlobalSection
	GlobalSection(ProjectConfigurationPlatforms) = postSolution
		{64E5C973-768E-4B29-8C21-266708F4D181}.Debug|Any CPU.ActiveCfg = Debug|Any CPU
		{64E5C973-768E-4B29-8C21-266708F4D181}.Debug|Any CPU.Build.0 = Debug|Any CPU
		{64E5C973-768E-4B29-8C21-266708F4D181}.Release|Any CPU.ActiveCfg = Release|Any CPU
		{64E5C973-768E-4B29-8C21-266708F4D181}.Release|Any CPU.Build.0 = Release|Any CPU
		{8DD137E8-FF67-442D-94E0-8FE9AEDC70F2}.Debug|Any CPU.ActiveCfg = Debug|Any CPU
		{8DD137E8-FF67-442D-94E0-8FE9AEDC70F2}.Debug|Any CPU.Build.0 = Debug|Any CPU
		{8DD137E8-FF67-442D-94E0-8FE9AEDC70F2}.Release|Any CPU.ActiveCfg = Release|Any CPU
		{8DD137E8-FF67-442D-94E0-8FE9AEDC70F2}.Release|Any CPU.Build.0 = Release|Any CPU
		{A958FB30-A597-4920-AB0B-46448C5602C9}.Debug|Any CPU.ActiveCfg = Debug|Any CPU
		{A958FB30-A597-4920-AB0B-46448C5602C9}.Debug|Any CPU.Build.0 = Debug|Any CPU
		{A958FB30-A597-4920-AB0B-46448C5602C9}.Release|Any CPU.ActiveCfg = Release|Any CPU
		{A958FB30-A597-4920-AB0B-46448C5602C9}.Release|Any CPU.Build.0 = Release|Any CPU
	EndGlobalSection
	GlobalSection(SolutionProperties) = preSolution
		HideSolutionNode = FALSE
	EndGlobalSection
EndGlobal
