
Microsoft Visual Studio Solution File, Format Version 12.00
# Visual Studio 2013
VisualStudioVersion = 12.0.30501.0
MinimumVisualStudioVersion = 10.0.40219.1
Project("{FAE04EC0-301F-11D3-BF4B-00C04F79EFBC}") = "01.FindNumberOfOccurences", "01.FindNumberOfOccurences\01.FindNumberOfOccurences.csproj", "{4F557297-A1CD-4D55-94C3-59824284D193}"
EndProject
Project("{FAE04EC0-301F-11D3-BF4B-00C04F79EFBC}") = "02.ExtractOddNumberOfOccurences", "02.ExtractOddNumberOfOccurences\02.ExtractOddNumberOfOccurences.csproj", "{8C005F2F-B19B-4A09-9D9E-F124748A2510}"
EndProject
Project("{FAE04EC0-301F-11D3-BF4B-00C04F79EFBC}") = "03.CaseInsensitiveFromTextFile", "03.CaseInsensitiveFromTextFile\03.CaseInsensitiveFromTextFile.csproj", "{35680523-F688-4B9E-B0C9-5E7EA9039420}"
EndProject
Project("{FAE04EC0-301F-11D3-BF4B-00C04F79EFBC}") = "04.ImplementHashTable", "04.ImplementHashTable\04.ImplementHashTable.csproj", "{A4098FB2-DDC2-4DC7-BACC-EAF55FCCDD12}"
EndProject
Project("{FAE04EC0-301F-11D3-BF4B-00C04F79EFBC}") = "05.ImplementHashedSet", "05.ImplementHashedSet\05.ImplementHashedSet.csproj", "{55CB58AA-59F2-4BC9-BB4D-9E242BE6C85D}"
EndProject
Project("{FAE04EC0-301F-11D3-BF4B-00C04F79EFBC}") = "06.Phones", "06.Phones\06.Phones.csproj", "{5E3221F6-7A22-491A-A7CF-D980FA21A17B}"
EndProject
Global
	GlobalSection(SolutionConfigurationPlatforms) = preSolution
		Debug|Any CPU = Debug|Any CPU
		Release|Any CPU = Release|Any CPU
	EndGlobalSection
	GlobalSection(ProjectConfigurationPlatforms) = postSolution
		{4F557297-A1CD-4D55-94C3-59824284D193}.Debug|Any CPU.ActiveCfg = Debug|Any CPU
		{4F557297-A1CD-4D55-94C3-59824284D193}.Debug|Any CPU.Build.0 = Debug|Any CPU
		{4F557297-A1CD-4D55-94C3-59824284D193}.Release|Any CPU.ActiveCfg = Release|Any CPU
		{4F557297-A1CD-4D55-94C3-59824284D193}.Release|Any CPU.Build.0 = Release|Any CPU
		{8C005F2F-B19B-4A09-9D9E-F124748A2510}.Debug|Any CPU.ActiveCfg = Debug|Any CPU
		{8C005F2F-B19B-4A09-9D9E-F124748A2510}.Debug|Any CPU.Build.0 = Debug|Any CPU
		{8C005F2F-B19B-4A09-9D9E-F124748A2510}.Release|Any CPU.ActiveCfg = Release|Any CPU
		{8C005F2F-B19B-4A09-9D9E-F124748A2510}.Release|Any CPU.Build.0 = Release|Any CPU
		{35680523-F688-4B9E-B0C9-5E7EA9039420}.Debug|Any CPU.ActiveCfg = Debug|Any CPU
		{35680523-F688-4B9E-B0C9-5E7EA9039420}.Debug|Any CPU.Build.0 = Debug|Any CPU
		{35680523-F688-4B9E-B0C9-5E7EA9039420}.Release|Any CPU.ActiveCfg = Release|Any CPU
		{35680523-F688-4B9E-B0C9-5E7EA9039420}.Release|Any CPU.Build.0 = Release|Any CPU
		{A4098FB2-DDC2-4DC7-BACC-EAF55FCCDD12}.Debug|Any CPU.ActiveCfg = Debug|Any CPU
		{A4098FB2-DDC2-4DC7-BACC-EAF55FCCDD12}.Debug|Any CPU.Build.0 = Debug|Any CPU
		{A4098FB2-DDC2-4DC7-BACC-EAF55FCCDD12}.Release|Any CPU.ActiveCfg = Release|Any CPU
		{A4098FB2-DDC2-4DC7-BACC-EAF55FCCDD12}.Release|Any CPU.Build.0 = Release|Any CPU
		{55CB58AA-59F2-4BC9-BB4D-9E242BE6C85D}.Debug|Any CPU.ActiveCfg = Debug|Any CPU
		{55CB58AA-59F2-4BC9-BB4D-9E242BE6C85D}.Debug|Any CPU.Build.0 = Debug|Any CPU
		{55CB58AA-59F2-4BC9-BB4D-9E242BE6C85D}.Release|Any CPU.ActiveCfg = Release|Any CPU
		{55CB58AA-59F2-4BC9-BB4D-9E242BE6C85D}.Release|Any CPU.Build.0 = Release|Any CPU
		{5E3221F6-7A22-491A-A7CF-D980FA21A17B}.Debug|Any CPU.ActiveCfg = Debug|Any CPU
		{5E3221F6-7A22-491A-A7CF-D980FA21A17B}.Debug|Any CPU.Build.0 = Debug|Any CPU
		{5E3221F6-7A22-491A-A7CF-D980FA21A17B}.Release|Any CPU.ActiveCfg = Release|Any CPU
		{5E3221F6-7A22-491A-A7CF-D980FA21A17B}.Release|Any CPU.Build.0 = Release|Any CPU
	EndGlobalSection
	GlobalSection(SolutionProperties) = preSolution
		HideSolutionNode = FALSE
	EndGlobalSection
EndGlobal
