
Microsoft Visual Studio Solution File, Format Version 12.00
# Visual Studio 2013
VisualStudioVersion = 12.0.30723.0
MinimumVisualStudioVersion = 10.0.40219.1
Project("{FAE04EC0-301F-11D3-BF4B-00C04F79EFBC}") = "Model", "Model\Model.csproj", "{4F341124-485D-45EF-84BF-6FF58E8A5DD2}"
EndProject
Project("{FAE04EC0-301F-11D3-BF4B-00C04F79EFBC}") = "Data", "Data\Data.csproj", "{062CAF4D-7CD5-4887-AA45-C823276544B7}"
EndProject
Project("{FAE04EC0-301F-11D3-BF4B-00C04F79EFBC}") = "Importer", "Importer\Importer.csproj", "{43B6CF53-FDF0-4034-BE10-E6E9C6DB02C1}"
EndProject
Project("{FAE04EC0-301F-11D3-BF4B-00C04F79EFBC}") = "JsonModel", "JsonModel\JsonModel.csproj", "{63125BAD-DCA7-4F42-8071-68D9A1151A62}"
EndProject
Global
	GlobalSection(SolutionConfigurationPlatforms) = preSolution
		Debug|Any CPU = Debug|Any CPU
		Release|Any CPU = Release|Any CPU
	EndGlobalSection
	GlobalSection(ProjectConfigurationPlatforms) = postSolution
		{4F341124-485D-45EF-84BF-6FF58E8A5DD2}.Debug|Any CPU.ActiveCfg = Debug|Any CPU
		{4F341124-485D-45EF-84BF-6FF58E8A5DD2}.Debug|Any CPU.Build.0 = Debug|Any CPU
		{4F341124-485D-45EF-84BF-6FF58E8A5DD2}.Release|Any CPU.ActiveCfg = Release|Any CPU
		{4F341124-485D-45EF-84BF-6FF58E8A5DD2}.Release|Any CPU.Build.0 = Release|Any CPU
		{062CAF4D-7CD5-4887-AA45-C823276544B7}.Debug|Any CPU.ActiveCfg = Debug|Any CPU
		{062CAF4D-7CD5-4887-AA45-C823276544B7}.Debug|Any CPU.Build.0 = Debug|Any CPU
		{062CAF4D-7CD5-4887-AA45-C823276544B7}.Release|Any CPU.ActiveCfg = Release|Any CPU
		{062CAF4D-7CD5-4887-AA45-C823276544B7}.Release|Any CPU.Build.0 = Release|Any CPU
		{43B6CF53-FDF0-4034-BE10-E6E9C6DB02C1}.Debug|Any CPU.ActiveCfg = Debug|Any CPU
		{43B6CF53-FDF0-4034-BE10-E6E9C6DB02C1}.Debug|Any CPU.Build.0 = Debug|Any CPU
		{43B6CF53-FDF0-4034-BE10-E6E9C6DB02C1}.Release|Any CPU.ActiveCfg = Release|Any CPU
		{43B6CF53-FDF0-4034-BE10-E6E9C6DB02C1}.Release|Any CPU.Build.0 = Release|Any CPU
		{63125BAD-DCA7-4F42-8071-68D9A1151A62}.Debug|Any CPU.ActiveCfg = Debug|Any CPU
		{63125BAD-DCA7-4F42-8071-68D9A1151A62}.Debug|Any CPU.Build.0 = Debug|Any CPU
		{63125BAD-DCA7-4F42-8071-68D9A1151A62}.Release|Any CPU.ActiveCfg = Release|Any CPU
		{63125BAD-DCA7-4F42-8071-68D9A1151A62}.Release|Any CPU.Build.0 = Release|Any CPU
	EndGlobalSection
	GlobalSection(SolutionProperties) = preSolution
		HideSolutionNode = FALSE
	EndGlobalSection
EndGlobal
