
Microsoft Visual Studio Solution File, Format Version 12.00
# Visual Studio 2013
VisualStudioVersion = 12.0.30723.0
MinimumVisualStudioVersion = 10.0.40219.1
Project("{FAE04EC0-301F-11D3-BF4B-00C04F79EFBC}") = "01-03.CountryInfoSystem", "01-03.CountryInfoSystem\01-03.CountryInfoSystem.csproj", "{D9F1E4DC-ED0D-43AD-9E73-AE4706F691FE}"
EndProject
Project("{FAE04EC0-301F-11D3-BF4B-00C04F79EFBC}") = "04.TodoLists", "04.TodoLists\04.TodoLists.csproj", "{AD048A34-F51D-405C-A411-7E1B995F503E}"
EndProject
Project("{2150E333-8FDC-42A3-9474-1A3956D46DE8}") = "Solution Items", "Solution Items", "{59F8E920-9A37-4715-A293-86DA0A3CB2C6}"
	ProjectSection(SolutionItems) = preProject
		CountriesInfo.sql = CountriesInfo.sql
		todo-lists.sql = todo-lists.sql
	EndProjectSection
EndProject
Global
	GlobalSection(SolutionConfigurationPlatforms) = preSolution
		Debug|Any CPU = Debug|Any CPU
		Release|Any CPU = Release|Any CPU
	EndGlobalSection
	GlobalSection(ProjectConfigurationPlatforms) = postSolution
		{D9F1E4DC-ED0D-43AD-9E73-AE4706F691FE}.Debug|Any CPU.ActiveCfg = Debug|Any CPU
		{D9F1E4DC-ED0D-43AD-9E73-AE4706F691FE}.Debug|Any CPU.Build.0 = Debug|Any CPU
		{D9F1E4DC-ED0D-43AD-9E73-AE4706F691FE}.Release|Any CPU.ActiveCfg = Release|Any CPU
		{D9F1E4DC-ED0D-43AD-9E73-AE4706F691FE}.Release|Any CPU.Build.0 = Release|Any CPU
		{AD048A34-F51D-405C-A411-7E1B995F503E}.Debug|Any CPU.ActiveCfg = Debug|Any CPU
		{AD048A34-F51D-405C-A411-7E1B995F503E}.Debug|Any CPU.Build.0 = Debug|Any CPU
		{AD048A34-F51D-405C-A411-7E1B995F503E}.Release|Any CPU.ActiveCfg = Release|Any CPU
		{AD048A34-F51D-405C-A411-7E1B995F503E}.Release|Any CPU.Build.0 = Release|Any CPU
	EndGlobalSection
	GlobalSection(SolutionProperties) = preSolution
		HideSolutionNode = FALSE
	EndGlobalSection
EndGlobal
