
Microsoft Visual Studio Solution File, Format Version 12.00
# Visual Studio 2013
VisualStudioVersion = 12.0.21005.1
MinimumVisualStudioVersion = 10.0.40219.1
Project("{FAE04EC0-301F-11D3-BF4B-00C04F79EFBC}") = "01.School", "01.School\01.School.csproj", "{D7EC48FF-55AE-431C-B49A-58C5A6423050}"
EndProject
Project("{FAE04EC0-301F-11D3-BF4B-00C04F79EFBC}") = "02.HumansAndMerging", "02.HumansAndMerging\02.HumansAndMerging.csproj", "{53F81E8D-7586-484E-98B2-DA71BEBDC603}"
EndProject
Project("{FAE04EC0-301F-11D3-BF4B-00C04F79EFBC}") = "03.AnimalHierarchy", "03.AnimalHierarchy\03.AnimalHierarchy.csproj", "{139B504C-AA87-471F-A836-3542A4915D6D}"
EndProject
Global
	GlobalSection(SolutionConfigurationPlatforms) = preSolution
		Debug|Any CPU = Debug|Any CPU
		Release|Any CPU = Release|Any CPU
	EndGlobalSection
	GlobalSection(ProjectConfigurationPlatforms) = postSolution
		{D7EC48FF-55AE-431C-B49A-58C5A6423050}.Debug|Any CPU.ActiveCfg = Debug|Any CPU
		{D7EC48FF-55AE-431C-B49A-58C5A6423050}.Debug|Any CPU.Build.0 = Debug|Any CPU
		{D7EC48FF-55AE-431C-B49A-58C5A6423050}.Release|Any CPU.ActiveCfg = Release|Any CPU
		{D7EC48FF-55AE-431C-B49A-58C5A6423050}.Release|Any CPU.Build.0 = Release|Any CPU
		{53F81E8D-7586-484E-98B2-DA71BEBDC603}.Debug|Any CPU.ActiveCfg = Debug|Any CPU
		{53F81E8D-7586-484E-98B2-DA71BEBDC603}.Debug|Any CPU.Build.0 = Debug|Any CPU
		{53F81E8D-7586-484E-98B2-DA71BEBDC603}.Release|Any CPU.ActiveCfg = Release|Any CPU
		{53F81E8D-7586-484E-98B2-DA71BEBDC603}.Release|Any CPU.Build.0 = Release|Any CPU
		{139B504C-AA87-471F-A836-3542A4915D6D}.Debug|Any CPU.ActiveCfg = Debug|Any CPU
		{139B504C-AA87-471F-A836-3542A4915D6D}.Debug|Any CPU.Build.0 = Debug|Any CPU
		{139B504C-AA87-471F-A836-3542A4915D6D}.Release|Any CPU.ActiveCfg = Release|Any CPU
		{139B504C-AA87-471F-A836-3542A4915D6D}.Release|Any CPU.Build.0 = Release|Any CPU
	EndGlobalSection
	GlobalSection(SolutionProperties) = preSolution
		HideSolutionNode = FALSE
	EndGlobalSection
EndGlobal
