
Microsoft Visual Studio Solution File, Format Version 12.00
# Visual Studio 2012
Project("{FAE04EC0-301F-11D3-BF4B-00C04F79EFBC}") = "01.MultiverseCommunication", "01.MultiverseCommunication\01.MultiverseCommunication.csproj", "{EE51B81D-018F-46AC-A9B8-420296DDA986}"
EndProject
Project("{FAE04EC0-301F-11D3-BF4B-00C04F79EFBC}") = "02.MagicWords", "02.MagicWords\02.MagicWords.csproj", "{396E56A5-73B8-466A-A635-502857DC40EC}"
EndProject
Project("{FAE04EC0-301F-11D3-BF4B-00C04F79EFBC}") = "04.DecodeAndDecrypt", "04.DecodeAndDecrypt\04.DecodeAndDecrypt.csproj", "{03C2D007-0323-4012-A2CB-8568E95BA119}"
EndProject
Project("{FAE04EC0-301F-11D3-BF4B-00C04F79EFBC}") = "03.Tron3D", "03.Tron3D\03.Tron3D.csproj", "{143A82FC-B75E-49CE-B15E-11872C5BDC42}"
EndProject
Project("{FAE04EC0-301F-11D3-BF4B-00C04F79EFBC}") = "05.FeaturingWithGrisko", "05.FeaturingWithGrisko\05.FeaturingWithGrisko.csproj", "{8E376207-FDA4-4312-9AFA-F71CEE9CDC58}"
EndProject
Project("{FAE04EC0-301F-11D3-BF4B-00C04F79EFBC}") = "01.KaspichanNumbers", "01.KaspichanNumbers\01.KaspichanNumbers.csproj", "{43AD1BA7-C86F-4256-AE0C-F4542520608E}"
EndProject
Project("{FAE04EC0-301F-11D3-BF4B-00C04F79EFBC}") = "02.GreedyDwarf", "02.GreedyDwarf\02.GreedyDwarf.csproj", "{DC1ABE63-BADB-41E0-80E4-833A815EB819}"
EndProject
Project("{FAE04EC0-301F-11D3-BF4B-00C04F79EFBC}") = "03.Slides", "03.Slides\03.Slides.csproj", "{34E9F9C4-E73A-4C2D-8081-6A193A81FC4C}"
EndProject
Project("{FAE04EC0-301F-11D3-BF4B-00C04F79EFBC}") = "04.ConsoleJustification", "04.ConsoleJustification\04.ConsoleJustification.csproj", "{6A70023B-E8FD-4152-B376-4A2C370E5162}"
EndProject
Project("{FAE04EC0-301F-11D3-BF4B-00C04F79EFBC}") = "05.OneTaskIsNotEnough", "05.OneTaskIsNotEnough\05.OneTaskIsNotEnough.csproj", "{0FEF1E5C-817A-46A1-9095-AA0C21CFC527}"
EndProject
Project("{FAE04EC0-301F-11D3-BF4B-00C04F79EFBC}") = "03.Lazer", "03.Lazer\03.Lazer.csproj", "{3BF7F553-3A63-4579-8384-F6C71AA377B0}"
EndProject
Project("{FAE04EC0-301F-11D3-BF4B-00C04F79EFBC}") = "02.SpecialValue", "02.SpecialValue\02.SpecialValue.csproj", "{791E5C4C-61B4-4B7D-84D1-B0B3B58B0C62}"
EndProject
Project("{FAE04EC0-301F-11D3-BF4B-00C04F79EFBC}") = "04.FakeTextMarkupLanguage", "04.FakeTextMarkupLanguage\04.FakeTextMarkupLanguage.csproj", "{1BA620D1-CCC0-4D7C-B390-F68A0138B5D9}"
EndProject
Project("{FAE04EC0-301F-11D3-BF4B-00C04F79EFBC}") = "01.DurandulakNumbers", "01.DurandulakNumbers\01.DurandulakNumbers.csproj", "{8E39F348-2310-44D3-B5EC-948A0F473CCB}"
EndProject
Project("{FAE04EC0-301F-11D3-BF4B-00C04F79EFBC}") = "05.ThreeInOne", "05.ThreeInOne\05.ThreeInOne.csproj", "{C74B8175-BEEE-409B-9ECD-CC5596A9DDD8}"
EndProject
Project("{FAE04EC0-301F-11D3-BF4B-00C04F79EFBC}") = "01.BasicBASIC", "01.BasicBASIC\01.BasicBASIC.csproj", "{40E21CAA-3342-4B20-9D4E-2389740918FC}"
EndProject
Project("{FAE04EC0-301F-11D3-BF4B-00C04F79EFBC}") = "01.Zerg", "01.Zerg\01.Zerg.csproj", "{4E23566B-35F4-4081-AFA3-AD5457BA6B5B}"
EndProject
Project("{FAE04EC0-301F-11D3-BF4B-00C04F79EFBC}") = "01.9GagNumbers", "01.9GagNumbers\01.9GagNumbers.csproj", "{081ED8BD-1D9A-4C71-A47D-B2BB0A0E446D}"
EndProject
Project("{FAE04EC0-301F-11D3-BF4B-00C04F79EFBC}") = "05.AcademyTasks", "05.AcademyTasks\05.AcademyTasks.csproj", "{85D96F1B-E86C-49B7-84F3-A1D02230C76C}"
EndProject
Project("{FAE04EC0-301F-11D3-BF4B-00C04F79EFBC}") = "03.KukataIsDancing", "03.KukataIsDancing\03.KukataIsDancing.csproj", "{26C57B04-F135-4F8E-83AA-DB1F5005AEEF}"
EndProject
Project("{FAE04EC0-301F-11D3-BF4B-00C04F79EFBC}") = "04.Brackets", "04.Brackets\04.Brackets.csproj", "{AA8901F8-9B79-4963-B295-53B20E5D3EE3}"
EndProject
Project("{FAE04EC0-301F-11D3-BF4B-00C04F79EFBC}") = "02.JoroIsDancing", "02.JoroIsDancing\02.JoroIsDancing.csproj", "{B3756F4E-F33B-4871-B08F-F25B99690555}"
EndProject
Project("{FAE04EC0-301F-11D3-BF4B-00C04F79EFBC}") = "02.MovingLetters", "02.MovingLetters\02.MovingLetters.csproj", "{E5321979-E86C-480C-81CC-0D38323BCC39}"
EndProject
Project("{FAE04EC0-301F-11D3-BF4B-00C04F79EFBC}") = "03.Trails3D", "03.Trails3D\03.Trails3D.csproj", "{8F569FDA-0775-4855-8F47-A59E1F8B874A}"
EndProject
Project("{FAE04EC0-301F-11D3-BF4B-00C04F79EFBC}") = "04.EncodeEncrypt", "04.EncodeEncrypt\04.EncodeEncrypt.csproj", "{CB905CB1-509A-48C3-806D-1D1F3EED2A7E}"
EndProject
Project("{FAE04EC0-301F-11D3-BF4B-00C04F79EFBC}") = "05.TheyAreGreen", "05.TheyAreGreen\05.TheyAreGreen.csproj", "{69D6B101-87F0-432E-9F9A-0DD2B4570BAA}"
EndProject
Project("{FAE04EC0-301F-11D3-BF4B-00C04F79EFBC}") = "05.TwoIsBetterThanOne", "05.TwoIsBetterThanOne\05.TwoIsBetterThanOne.csproj", "{692D5644-4D02-48A6-B706-E735013E434B}"
EndProject
Project("{FAE04EC0-301F-11D3-BF4B-00C04F79EFBC}") = "02.JoroTheRabbit", "02.JoroTheRabbit\02.JoroTheRabbit.csproj", "{A058AF18-2ECA-4291-B602-E037B80752DA}"
EndProject
Project("{FAE04EC0-301F-11D3-BF4B-00C04F79EFBC}") = "01.StrangeLandNumbers", "01.StrangeLandNumbers\01.StrangeLandNumbers.csproj", "{D3EDDCDA-3480-4E52-AE07-A5381C7F2DEC}"
EndProject
Project("{FAE04EC0-301F-11D3-BF4B-00C04F79EFBC}") = "02.TwoGirls1Path", "02.TwoGirls1Path\02.TwoGirls1Path.csproj", "{29ABCFD2-2A56-45FF-855F-858F63785867}"
EndProject
Project("{FAE04EC0-301F-11D3-BF4B-00C04F79EFBC}") = "03.Digits", "03.Digits\03.Digits.csproj", "{E5AC1EA0-8C03-4B91-BAD2-45F2CCA9E609}"
EndProject
Project("{FAE04EC0-301F-11D3-BF4B-00C04F79EFBC}") = "04.SearchIndex", "04.SearchIndex\04.SearchIndex.csproj", "{169851AF-EBB7-4E20-B8F5-13C63F4EAE1A}"
EndProject
Project("{FAE04EC0-301F-11D3-BF4B-00C04F79EFBC}") = "05.DogeCoin", "05.DogeCoin\05.DogeCoin.csproj", "{F8596328-AEEB-4865-9DFC-E59CD35C3954}"
EndProject
Global
	GlobalSection(SolutionConfigurationPlatforms) = preSolution
		Debug|Any CPU = Debug|Any CPU
		Release|Any CPU = Release|Any CPU
	EndGlobalSection
	GlobalSection(ProjectConfigurationPlatforms) = postSolution
		{EE51B81D-018F-46AC-A9B8-420296DDA986}.Debug|Any CPU.ActiveCfg = Debug|Any CPU
		{EE51B81D-018F-46AC-A9B8-420296DDA986}.Debug|Any CPU.Build.0 = Debug|Any CPU
		{EE51B81D-018F-46AC-A9B8-420296DDA986}.Release|Any CPU.ActiveCfg = Release|Any CPU
		{EE51B81D-018F-46AC-A9B8-420296DDA986}.Release|Any CPU.Build.0 = Release|Any CPU
		{396E56A5-73B8-466A-A635-502857DC40EC}.Debug|Any CPU.ActiveCfg = Debug|Any CPU
		{396E56A5-73B8-466A-A635-502857DC40EC}.Debug|Any CPU.Build.0 = Debug|Any CPU
		{396E56A5-73B8-466A-A635-502857DC40EC}.Release|Any CPU.ActiveCfg = Release|Any CPU
		{396E56A5-73B8-466A-A635-502857DC40EC}.Release|Any CPU.Build.0 = Release|Any CPU
		{03C2D007-0323-4012-A2CB-8568E95BA119}.Debug|Any CPU.ActiveCfg = Debug|Any CPU
		{03C2D007-0323-4012-A2CB-8568E95BA119}.Debug|Any CPU.Build.0 = Debug|Any CPU
		{03C2D007-0323-4012-A2CB-8568E95BA119}.Release|Any CPU.ActiveCfg = Release|Any CPU
		{03C2D007-0323-4012-A2CB-8568E95BA119}.Release|Any CPU.Build.0 = Release|Any CPU
		{143A82FC-B75E-49CE-B15E-11872C5BDC42}.Debug|Any CPU.ActiveCfg = Debug|Any CPU
		{143A82FC-B75E-49CE-B15E-11872C5BDC42}.Debug|Any CPU.Build.0 = Debug|Any CPU
		{143A82FC-B75E-49CE-B15E-11872C5BDC42}.Release|Any CPU.ActiveCfg = Release|Any CPU
		{143A82FC-B75E-49CE-B15E-11872C5BDC42}.Release|Any CPU.Build.0 = Release|Any CPU
		{8E376207-FDA4-4312-9AFA-F71CEE9CDC58}.Debug|Any CPU.ActiveCfg = Debug|Any CPU
		{8E376207-FDA4-4312-9AFA-F71CEE9CDC58}.Debug|Any CPU.Build.0 = Debug|Any CPU
		{8E376207-FDA4-4312-9AFA-F71CEE9CDC58}.Release|Any CPU.ActiveCfg = Release|Any CPU
		{8E376207-FDA4-4312-9AFA-F71CEE9CDC58}.Release|Any CPU.Build.0 = Release|Any CPU
		{43AD1BA7-C86F-4256-AE0C-F4542520608E}.Debug|Any CPU.ActiveCfg = Debug|Any CPU
		{43AD1BA7-C86F-4256-AE0C-F4542520608E}.Debug|Any CPU.Build.0 = Debug|Any CPU
		{43AD1BA7-C86F-4256-AE0C-F4542520608E}.Release|Any CPU.ActiveCfg = Release|Any CPU
		{43AD1BA7-C86F-4256-AE0C-F4542520608E}.Release|Any CPU.Build.0 = Release|Any CPU
		{DC1ABE63-BADB-41E0-80E4-833A815EB819}.Debug|Any CPU.ActiveCfg = Debug|Any CPU
		{DC1ABE63-BADB-41E0-80E4-833A815EB819}.Debug|Any CPU.Build.0 = Debug|Any CPU
		{DC1ABE63-BADB-41E0-80E4-833A815EB819}.Release|Any CPU.ActiveCfg = Release|Any CPU
		{DC1ABE63-BADB-41E0-80E4-833A815EB819}.Release|Any CPU.Build.0 = Release|Any CPU
		{34E9F9C4-E73A-4C2D-8081-6A193A81FC4C}.Debug|Any CPU.ActiveCfg = Debug|Any CPU
		{34E9F9C4-E73A-4C2D-8081-6A193A81FC4C}.Debug|Any CPU.Build.0 = Debug|Any CPU
		{34E9F9C4-E73A-4C2D-8081-6A193A81FC4C}.Release|Any CPU.ActiveCfg = Release|Any CPU
		{34E9F9C4-E73A-4C2D-8081-6A193A81FC4C}.Release|Any CPU.Build.0 = Release|Any CPU
		{6A70023B-E8FD-4152-B376-4A2C370E5162}.Debug|Any CPU.ActiveCfg = Debug|Any CPU
		{6A70023B-E8FD-4152-B376-4A2C370E5162}.Debug|Any CPU.Build.0 = Debug|Any CPU
		{6A70023B-E8FD-4152-B376-4A2C370E5162}.Release|Any CPU.ActiveCfg = Release|Any CPU
		{6A70023B-E8FD-4152-B376-4A2C370E5162}.Release|Any CPU.Build.0 = Release|Any CPU
		{0FEF1E5C-817A-46A1-9095-AA0C21CFC527}.Debug|Any CPU.ActiveCfg = Debug|Any CPU
		{0FEF1E5C-817A-46A1-9095-AA0C21CFC527}.Debug|Any CPU.Build.0 = Debug|Any CPU
		{0FEF1E5C-817A-46A1-9095-AA0C21CFC527}.Release|Any CPU.ActiveCfg = Release|Any CPU
		{0FEF1E5C-817A-46A1-9095-AA0C21CFC527}.Release|Any CPU.Build.0 = Release|Any CPU
		{3BF7F553-3A63-4579-8384-F6C71AA377B0}.Debug|Any CPU.ActiveCfg = Debug|Any CPU
		{3BF7F553-3A63-4579-8384-F6C71AA377B0}.Debug|Any CPU.Build.0 = Debug|Any CPU
		{3BF7F553-3A63-4579-8384-F6C71AA377B0}.Release|Any CPU.ActiveCfg = Release|Any CPU
		{3BF7F553-3A63-4579-8384-F6C71AA377B0}.Release|Any CPU.Build.0 = Release|Any CPU
		{791E5C4C-61B4-4B7D-84D1-B0B3B58B0C62}.Debug|Any CPU.ActiveCfg = Debug|Any CPU
		{791E5C4C-61B4-4B7D-84D1-B0B3B58B0C62}.Debug|Any CPU.Build.0 = Debug|Any CPU
		{791E5C4C-61B4-4B7D-84D1-B0B3B58B0C62}.Release|Any CPU.ActiveCfg = Release|Any CPU
		{791E5C4C-61B4-4B7D-84D1-B0B3B58B0C62}.Release|Any CPU.Build.0 = Release|Any CPU
		{1BA620D1-CCC0-4D7C-B390-F68A0138B5D9}.Debug|Any CPU.ActiveCfg = Debug|Any CPU
		{1BA620D1-CCC0-4D7C-B390-F68A0138B5D9}.Debug|Any CPU.Build.0 = Debug|Any CPU
		{1BA620D1-CCC0-4D7C-B390-F68A0138B5D9}.Release|Any CPU.ActiveCfg = Release|Any CPU
		{1BA620D1-CCC0-4D7C-B390-F68A0138B5D9}.Release|Any CPU.Build.0 = Release|Any CPU
		{8E39F348-2310-44D3-B5EC-948A0F473CCB}.Debug|Any CPU.ActiveCfg = Debug|Any CPU
		{8E39F348-2310-44D3-B5EC-948A0F473CCB}.Debug|Any CPU.Build.0 = Debug|Any CPU
		{8E39F348-2310-44D3-B5EC-948A0F473CCB}.Release|Any CPU.ActiveCfg = Release|Any CPU
		{8E39F348-2310-44D3-B5EC-948A0F473CCB}.Release|Any CPU.Build.0 = Release|Any CPU
		{C74B8175-BEEE-409B-9ECD-CC5596A9DDD8}.Debug|Any CPU.ActiveCfg = Debug|Any CPU
		{C74B8175-BEEE-409B-9ECD-CC5596A9DDD8}.Debug|Any CPU.Build.0 = Debug|Any CPU
		{C74B8175-BEEE-409B-9ECD-CC5596A9DDD8}.Release|Any CPU.ActiveCfg = Release|Any CPU
		{C74B8175-BEEE-409B-9ECD-CC5596A9DDD8}.Release|Any CPU.Build.0 = Release|Any CPU
		{40E21CAA-3342-4B20-9D4E-2389740918FC}.Debug|Any CPU.ActiveCfg = Debug|Any CPU
		{40E21CAA-3342-4B20-9D4E-2389740918FC}.Debug|Any CPU.Build.0 = Debug|Any CPU
		{40E21CAA-3342-4B20-9D4E-2389740918FC}.Release|Any CPU.ActiveCfg = Release|Any CPU
		{40E21CAA-3342-4B20-9D4E-2389740918FC}.Release|Any CPU.Build.0 = Release|Any CPU
		{4E23566B-35F4-4081-AFA3-AD5457BA6B5B}.Debug|Any CPU.ActiveCfg = Debug|Any CPU
		{4E23566B-35F4-4081-AFA3-AD5457BA6B5B}.Debug|Any CPU.Build.0 = Debug|Any CPU
		{4E23566B-35F4-4081-AFA3-AD5457BA6B5B}.Release|Any CPU.ActiveCfg = Release|Any CPU
		{4E23566B-35F4-4081-AFA3-AD5457BA6B5B}.Release|Any CPU.Build.0 = Release|Any CPU
		{081ED8BD-1D9A-4C71-A47D-B2BB0A0E446D}.Debug|Any CPU.ActiveCfg = Debug|Any CPU
		{081ED8BD-1D9A-4C71-A47D-B2BB0A0E446D}.Debug|Any CPU.Build.0 = Debug|Any CPU
		{081ED8BD-1D9A-4C71-A47D-B2BB0A0E446D}.Release|Any CPU.ActiveCfg = Release|Any CPU
		{081ED8BD-1D9A-4C71-A47D-B2BB0A0E446D}.Release|Any CPU.Build.0 = Release|Any CPU
		{85D96F1B-E86C-49B7-84F3-A1D02230C76C}.Debug|Any CPU.ActiveCfg = Debug|Any CPU
		{85D96F1B-E86C-49B7-84F3-A1D02230C76C}.Debug|Any CPU.Build.0 = Debug|Any CPU
		{85D96F1B-E86C-49B7-84F3-A1D02230C76C}.Release|Any CPU.ActiveCfg = Release|Any CPU
		{85D96F1B-E86C-49B7-84F3-A1D02230C76C}.Release|Any CPU.Build.0 = Release|Any CPU
		{26C57B04-F135-4F8E-83AA-DB1F5005AEEF}.Debug|Any CPU.ActiveCfg = Debug|Any CPU
		{26C57B04-F135-4F8E-83AA-DB1F5005AEEF}.Debug|Any CPU.Build.0 = Debug|Any CPU
		{26C57B04-F135-4F8E-83AA-DB1F5005AEEF}.Release|Any CPU.ActiveCfg = Release|Any CPU
		{26C57B04-F135-4F8E-83AA-DB1F5005AEEF}.Release|Any CPU.Build.0 = Release|Any CPU
		{AA8901F8-9B79-4963-B295-53B20E5D3EE3}.Debug|Any CPU.ActiveCfg = Debug|Any CPU
		{AA8901F8-9B79-4963-B295-53B20E5D3EE3}.Debug|Any CPU.Build.0 = Debug|Any CPU
		{AA8901F8-9B79-4963-B295-53B20E5D3EE3}.Release|Any CPU.ActiveCfg = Release|Any CPU
		{AA8901F8-9B79-4963-B295-53B20E5D3EE3}.Release|Any CPU.Build.0 = Release|Any CPU
		{B3756F4E-F33B-4871-B08F-F25B99690555}.Debug|Any CPU.ActiveCfg = Debug|Any CPU
		{B3756F4E-F33B-4871-B08F-F25B99690555}.Debug|Any CPU.Build.0 = Debug|Any CPU
		{B3756F4E-F33B-4871-B08F-F25B99690555}.Release|Any CPU.ActiveCfg = Release|Any CPU
		{B3756F4E-F33B-4871-B08F-F25B99690555}.Release|Any CPU.Build.0 = Release|Any CPU
		{E5321979-E86C-480C-81CC-0D38323BCC39}.Debug|Any CPU.ActiveCfg = Debug|Any CPU
		{E5321979-E86C-480C-81CC-0D38323BCC39}.Debug|Any CPU.Build.0 = Debug|Any CPU
		{E5321979-E86C-480C-81CC-0D38323BCC39}.Release|Any CPU.ActiveCfg = Release|Any CPU
		{E5321979-E86C-480C-81CC-0D38323BCC39}.Release|Any CPU.Build.0 = Release|Any CPU
		{8F569FDA-0775-4855-8F47-A59E1F8B874A}.Debug|Any CPU.ActiveCfg = Debug|Any CPU
		{8F569FDA-0775-4855-8F47-A59E1F8B874A}.Debug|Any CPU.Build.0 = Debug|Any CPU
		{8F569FDA-0775-4855-8F47-A59E1F8B874A}.Release|Any CPU.ActiveCfg = Release|Any CPU
		{8F569FDA-0775-4855-8F47-A59E1F8B874A}.Release|Any CPU.Build.0 = Release|Any CPU
		{CB905CB1-509A-48C3-806D-1D1F3EED2A7E}.Debug|Any CPU.ActiveCfg = Debug|Any CPU
		{CB905CB1-509A-48C3-806D-1D1F3EED2A7E}.Debug|Any CPU.Build.0 = Debug|Any CPU
		{CB905CB1-509A-48C3-806D-1D1F3EED2A7E}.Release|Any CPU.ActiveCfg = Release|Any CPU
		{CB905CB1-509A-48C3-806D-1D1F3EED2A7E}.Release|Any CPU.Build.0 = Release|Any CPU
		{69D6B101-87F0-432E-9F9A-0DD2B4570BAA}.Debug|Any CPU.ActiveCfg = Debug|Any CPU
		{69D6B101-87F0-432E-9F9A-0DD2B4570BAA}.Debug|Any CPU.Build.0 = Debug|Any CPU
		{69D6B101-87F0-432E-9F9A-0DD2B4570BAA}.Release|Any CPU.ActiveCfg = Release|Any CPU
		{69D6B101-87F0-432E-9F9A-0DD2B4570BAA}.Release|Any CPU.Build.0 = Release|Any CPU
		{692D5644-4D02-48A6-B706-E735013E434B}.Debug|Any CPU.ActiveCfg = Debug|Any CPU
		{692D5644-4D02-48A6-B706-E735013E434B}.Debug|Any CPU.Build.0 = Debug|Any CPU
		{692D5644-4D02-48A6-B706-E735013E434B}.Release|Any CPU.ActiveCfg = Release|Any CPU
		{692D5644-4D02-48A6-B706-E735013E434B}.Release|Any CPU.Build.0 = Release|Any CPU
		{A058AF18-2ECA-4291-B602-E037B80752DA}.Debug|Any CPU.ActiveCfg = Debug|Any CPU
		{A058AF18-2ECA-4291-B602-E037B80752DA}.Debug|Any CPU.Build.0 = Debug|Any CPU
		{A058AF18-2ECA-4291-B602-E037B80752DA}.Release|Any CPU.ActiveCfg = Release|Any CPU
		{A058AF18-2ECA-4291-B602-E037B80752DA}.Release|Any CPU.Build.0 = Release|Any CPU
		{D3EDDCDA-3480-4E52-AE07-A5381C7F2DEC}.Debug|Any CPU.ActiveCfg = Debug|Any CPU
		{D3EDDCDA-3480-4E52-AE07-A5381C7F2DEC}.Debug|Any CPU.Build.0 = Debug|Any CPU
		{D3EDDCDA-3480-4E52-AE07-A5381C7F2DEC}.Release|Any CPU.ActiveCfg = Release|Any CPU
		{D3EDDCDA-3480-4E52-AE07-A5381C7F2DEC}.Release|Any CPU.Build.0 = Release|Any CPU
		{29ABCFD2-2A56-45FF-855F-858F63785867}.Debug|Any CPU.ActiveCfg = Debug|Any CPU
		{29ABCFD2-2A56-45FF-855F-858F63785867}.Debug|Any CPU.Build.0 = Debug|Any CPU
		{29ABCFD2-2A56-45FF-855F-858F63785867}.Release|Any CPU.ActiveCfg = Release|Any CPU
		{29ABCFD2-2A56-45FF-855F-858F63785867}.Release|Any CPU.Build.0 = Release|Any CPU
		{E5AC1EA0-8C03-4B91-BAD2-45F2CCA9E609}.Debug|Any CPU.ActiveCfg = Debug|Any CPU
		{E5AC1EA0-8C03-4B91-BAD2-45F2CCA9E609}.Debug|Any CPU.Build.0 = Debug|Any CPU
		{E5AC1EA0-8C03-4B91-BAD2-45F2CCA9E609}.Release|Any CPU.ActiveCfg = Release|Any CPU
		{E5AC1EA0-8C03-4B91-BAD2-45F2CCA9E609}.Release|Any CPU.Build.0 = Release|Any CPU
		{169851AF-EBB7-4E20-B8F5-13C63F4EAE1A}.Debug|Any CPU.ActiveCfg = Debug|Any CPU
		{169851AF-EBB7-4E20-B8F5-13C63F4EAE1A}.Debug|Any CPU.Build.0 = Debug|Any CPU
		{169851AF-EBB7-4E20-B8F5-13C63F4EAE1A}.Release|Any CPU.ActiveCfg = Release|Any CPU
		{169851AF-EBB7-4E20-B8F5-13C63F4EAE1A}.Release|Any CPU.Build.0 = Release|Any CPU
		{F8596328-AEEB-4865-9DFC-E59CD35C3954}.Debug|Any CPU.ActiveCfg = Debug|Any CPU
		{F8596328-AEEB-4865-9DFC-E59CD35C3954}.Debug|Any CPU.Build.0 = Debug|Any CPU
		{F8596328-AEEB-4865-9DFC-E59CD35C3954}.Release|Any CPU.ActiveCfg = Release|Any CPU
		{F8596328-AEEB-4865-9DFC-E59CD35C3954}.Release|Any CPU.Build.0 = Release|Any CPU
	EndGlobalSection
	GlobalSection(SolutionProperties) = preSolution
		HideSolutionNode = FALSE
	EndGlobalSection
EndGlobal
