
Microsoft Visual Studio Solution File, Format Version 12.00
# Visual Studio 2013
VisualStudioVersion = 12.0.30723.0
MinimumVisualStudioVersion = 10.0.40219.1
Project("{FAE04EC0-301F-11D3-BF4B-00C04F79EFBC}") = "01.Frames", "01.Frames\01.Frames.csproj", "{BC381718-2BCA-4EDA-A873-8616A8614DD1}"
EndProject
Project("{FAE04EC0-301F-11D3-BF4B-00C04F79EFBC}") = "02.3DLabyrinth", "02.3DLabyrinth\02.3DLabyrinth.csproj", "{BBBD841E-E852-4586-AF86-9FEF5CEFE38E}"
EndProject
Project("{FAE04EC0-301F-11D3-BF4B-00C04F79EFBC}") = "03.SupermarketQueue", "03.SupermarketQueue\03.SupermarketQueue.csproj", "{5A2989EB-F317-4CD8-A9D4-A7C714ED35F4}"
EndProject
Project("{FAE04EC0-301F-11D3-BF4B-00C04F79EFBC}") = "05.Businessmen", "05.Businessmen\05.Businessmen.csproj", "{EB9C47D5-9414-4CD1-84C8-28D7220E12FA}"
EndProject
Project("{FAE04EC0-301F-11D3-BF4B-00C04F79EFBC}") = "04.RecoverMessage", "04.RecoverMessage\04.RecoverMessage.csproj", "{4259B3D0-3EB7-4B74-9162-C9FB331B4D3B}"
EndProject
Project("{2150E333-8FDC-42A3-9474-1A3956D46DE8}") = "Combinatorics", "Combinatorics", "{310B8B93-B787-48BA-B2A8-9549D57B8F01}"
EndProject
Project("{FAE04EC0-301F-11D3-BF4B-00C04F79EFBC}") = "01.BinaryPasswords", "01.BinaryPasswords\01.BinaryPasswords.csproj", "{EF9C9DD2-8361-4D8B-BF2A-F272873D92B5}"
EndProject
Project("{FAE04EC0-301F-11D3-BF4B-00C04F79EFBC}") = "02.ColoredRabbits", "02.ColoredRabbits\02.ColoredRabbits.csproj", "{E8A564CC-D937-424D-ACD3-6C6C9A75D37C}"
EndProject
Project("{FAE04EC0-301F-11D3-BF4B-00C04F79EFBC}") = "03.Divisors", "03.Divisors\03.Divisors.csproj", "{5B0FCE51-0EBF-4D5D-8554-FEBA7C9E3A9A}"
EndProject
Project("{FAE04EC0-301F-11D3-BF4B-00C04F79EFBC}") = "04.SequenceOfColoredBalls", "04.SequenceOfColoredBalls\04.SequenceOfColoredBalls.csproj", "{6A7A0673-E41D-47E4-B256-EE960DC27E5A}"
EndProject
Project("{FAE04EC0-301F-11D3-BF4B-00C04F79EFBC}") = "05.ZigZagSequences", "ZigZagSequences\05.ZigZagSequences.csproj", "{AAA8BF6C-106F-49FA-88A0-FE92571EA061}"
EndProject
Project("{FAE04EC0-301F-11D3-BF4B-00C04F79EFBC}") = "07.Circles", "07.Circles\07.Circles.csproj", "{8AE50EF1-8165-4564-AE4E-9DEA0E74289A}"
EndProject
Project("{2150E333-8FDC-42A3-9474-1A3956D46DE8}") = "DinamicProgramming", "DinamicProgramming", "{822DEFC4-125A-4F06-A112-803EAF801FD1}"
EndProject
Project("{FAE04EC0-301F-11D3-BF4B-00C04F79EFBC}") = "07.TasksInTelerik", "07.TasksInTelerik\07.TasksInTelerik.csproj", "{80842823-D859-4A30-B3B1-457740564ABE}"
EndProject
Global
	GlobalSection(SolutionConfigurationPlatforms) = preSolution
		Debug|Any CPU = Debug|Any CPU
		Release|Any CPU = Release|Any CPU
	EndGlobalSection
	GlobalSection(ProjectConfigurationPlatforms) = postSolution
		{BC381718-2BCA-4EDA-A873-8616A8614DD1}.Debug|Any CPU.ActiveCfg = Debug|Any CPU
		{BC381718-2BCA-4EDA-A873-8616A8614DD1}.Debug|Any CPU.Build.0 = Debug|Any CPU
		{BC381718-2BCA-4EDA-A873-8616A8614DD1}.Release|Any CPU.ActiveCfg = Release|Any CPU
		{BC381718-2BCA-4EDA-A873-8616A8614DD1}.Release|Any CPU.Build.0 = Release|Any CPU
		{BBBD841E-E852-4586-AF86-9FEF5CEFE38E}.Debug|Any CPU.ActiveCfg = Debug|Any CPU
		{BBBD841E-E852-4586-AF86-9FEF5CEFE38E}.Debug|Any CPU.Build.0 = Debug|Any CPU
		{BBBD841E-E852-4586-AF86-9FEF5CEFE38E}.Release|Any CPU.ActiveCfg = Release|Any CPU
		{BBBD841E-E852-4586-AF86-9FEF5CEFE38E}.Release|Any CPU.Build.0 = Release|Any CPU
		{5A2989EB-F317-4CD8-A9D4-A7C714ED35F4}.Debug|Any CPU.ActiveCfg = Debug|Any CPU
		{5A2989EB-F317-4CD8-A9D4-A7C714ED35F4}.Debug|Any CPU.Build.0 = Debug|Any CPU
		{5A2989EB-F317-4CD8-A9D4-A7C714ED35F4}.Release|Any CPU.ActiveCfg = Release|Any CPU
		{5A2989EB-F317-4CD8-A9D4-A7C714ED35F4}.Release|Any CPU.Build.0 = Release|Any CPU
		{EB9C47D5-9414-4CD1-84C8-28D7220E12FA}.Debug|Any CPU.ActiveCfg = Debug|Any CPU
		{EB9C47D5-9414-4CD1-84C8-28D7220E12FA}.Debug|Any CPU.Build.0 = Debug|Any CPU
		{EB9C47D5-9414-4CD1-84C8-28D7220E12FA}.Release|Any CPU.ActiveCfg = Release|Any CPU
		{EB9C47D5-9414-4CD1-84C8-28D7220E12FA}.Release|Any CPU.Build.0 = Release|Any CPU
		{4259B3D0-3EB7-4B74-9162-C9FB331B4D3B}.Debug|Any CPU.ActiveCfg = Debug|Any CPU
		{4259B3D0-3EB7-4B74-9162-C9FB331B4D3B}.Debug|Any CPU.Build.0 = Debug|Any CPU
		{4259B3D0-3EB7-4B74-9162-C9FB331B4D3B}.Release|Any CPU.ActiveCfg = Release|Any CPU
		{4259B3D0-3EB7-4B74-9162-C9FB331B4D3B}.Release|Any CPU.Build.0 = Release|Any CPU
		{EF9C9DD2-8361-4D8B-BF2A-F272873D92B5}.Debug|Any CPU.ActiveCfg = Debug|Any CPU
		{EF9C9DD2-8361-4D8B-BF2A-F272873D92B5}.Debug|Any CPU.Build.0 = Debug|Any CPU
		{EF9C9DD2-8361-4D8B-BF2A-F272873D92B5}.Release|Any CPU.ActiveCfg = Release|Any CPU
		{EF9C9DD2-8361-4D8B-BF2A-F272873D92B5}.Release|Any CPU.Build.0 = Release|Any CPU
		{E8A564CC-D937-424D-ACD3-6C6C9A75D37C}.Debug|Any CPU.ActiveCfg = Debug|Any CPU
		{E8A564CC-D937-424D-ACD3-6C6C9A75D37C}.Debug|Any CPU.Build.0 = Debug|Any CPU
		{E8A564CC-D937-424D-ACD3-6C6C9A75D37C}.Release|Any CPU.ActiveCfg = Release|Any CPU
		{E8A564CC-D937-424D-ACD3-6C6C9A75D37C}.Release|Any CPU.Build.0 = Release|Any CPU
		{5B0FCE51-0EBF-4D5D-8554-FEBA7C9E3A9A}.Debug|Any CPU.ActiveCfg = Debug|Any CPU
		{5B0FCE51-0EBF-4D5D-8554-FEBA7C9E3A9A}.Debug|Any CPU.Build.0 = Debug|Any CPU
		{5B0FCE51-0EBF-4D5D-8554-FEBA7C9E3A9A}.Release|Any CPU.ActiveCfg = Release|Any CPU
		{5B0FCE51-0EBF-4D5D-8554-FEBA7C9E3A9A}.Release|Any CPU.Build.0 = Release|Any CPU
		{6A7A0673-E41D-47E4-B256-EE960DC27E5A}.Debug|Any CPU.ActiveCfg = Debug|Any CPU
		{6A7A0673-E41D-47E4-B256-EE960DC27E5A}.Debug|Any CPU.Build.0 = Debug|Any CPU
		{6A7A0673-E41D-47E4-B256-EE960DC27E5A}.Release|Any CPU.ActiveCfg = Release|Any CPU
		{6A7A0673-E41D-47E4-B256-EE960DC27E5A}.Release|Any CPU.Build.0 = Release|Any CPU
		{AAA8BF6C-106F-49FA-88A0-FE92571EA061}.Debug|Any CPU.ActiveCfg = Debug|Any CPU
		{AAA8BF6C-106F-49FA-88A0-FE92571EA061}.Debug|Any CPU.Build.0 = Debug|Any CPU
		{AAA8BF6C-106F-49FA-88A0-FE92571EA061}.Release|Any CPU.ActiveCfg = Release|Any CPU
		{AAA8BF6C-106F-49FA-88A0-FE92571EA061}.Release|Any CPU.Build.0 = Release|Any CPU
		{8AE50EF1-8165-4564-AE4E-9DEA0E74289A}.Debug|Any CPU.ActiveCfg = Debug|Any CPU
		{8AE50EF1-8165-4564-AE4E-9DEA0E74289A}.Debug|Any CPU.Build.0 = Debug|Any CPU
		{8AE50EF1-8165-4564-AE4E-9DEA0E74289A}.Release|Any CPU.ActiveCfg = Release|Any CPU
		{8AE50EF1-8165-4564-AE4E-9DEA0E74289A}.Release|Any CPU.Build.0 = Release|Any CPU
		{80842823-D859-4A30-B3B1-457740564ABE}.Debug|Any CPU.ActiveCfg = Debug|Any CPU
		{80842823-D859-4A30-B3B1-457740564ABE}.Debug|Any CPU.Build.0 = Debug|Any CPU
		{80842823-D859-4A30-B3B1-457740564ABE}.Release|Any CPU.ActiveCfg = Release|Any CPU
		{80842823-D859-4A30-B3B1-457740564ABE}.Release|Any CPU.Build.0 = Release|Any CPU
	EndGlobalSection
	GlobalSection(SolutionProperties) = preSolution
		HideSolutionNode = FALSE
	EndGlobalSection
	GlobalSection(NestedProjects) = preSolution
		{EF9C9DD2-8361-4D8B-BF2A-F272873D92B5} = {310B8B93-B787-48BA-B2A8-9549D57B8F01}
		{E8A564CC-D937-424D-ACD3-6C6C9A75D37C} = {310B8B93-B787-48BA-B2A8-9549D57B8F01}
		{5B0FCE51-0EBF-4D5D-8554-FEBA7C9E3A9A} = {310B8B93-B787-48BA-B2A8-9549D57B8F01}
		{6A7A0673-E41D-47E4-B256-EE960DC27E5A} = {310B8B93-B787-48BA-B2A8-9549D57B8F01}
		{AAA8BF6C-106F-49FA-88A0-FE92571EA061} = {310B8B93-B787-48BA-B2A8-9549D57B8F01}
		{8AE50EF1-8165-4564-AE4E-9DEA0E74289A} = {310B8B93-B787-48BA-B2A8-9549D57B8F01}
		{80842823-D859-4A30-B3B1-457740564ABE} = {822DEFC4-125A-4F06-A112-803EAF801FD1}
	EndGlobalSection
EndGlobal
