
Microsoft Visual Studio Solution File, Format Version 12.00
# Visual Studio 2013
VisualStudioVersion = 12.0.21005.1
MinimumVisualStudioVersion = 10.0.40219.1
Project("{FAE04EC0-301F-11D3-BF4B-00C04F79EFBC}") = "01.SquareRoot", "01.SquareRoot\01.SquareRoot.csproj", "{4A0FB8BD-FEC2-4865-9B29-DA3AA8E4779F}"
EndProject
Project("{FAE04EC0-301F-11D3-BF4B-00C04F79EFBC}") = "02.MethodReadNumber", "02.MethodReadNumber\02.MethodReadNumber.csproj", "{E1EE8CC3-929E-4BDB-910B-CA8DF200A396}"
EndProject
Project("{FAE04EC0-301F-11D3-BF4B-00C04F79EFBC}") = "03.ReadFileAndPrintOnConsole", "03.ReadFileAndPrintOnConsole\03.ReadFileAndPrintOnConsole.csproj", "{0CC9AD18-D6C0-408A-8DA3-DA717E4FAC22}"
EndProject
Project("{FAE04EC0-301F-11D3-BF4B-00C04F79EFBC}") = "04.DownloadFile", "04.DownloadFile\04.DownloadFile.csproj", "{68466B1F-92BE-4E4F-A5CB-40F4B31DC209}"
EndProject
Global
	GlobalSection(SolutionConfigurationPlatforms) = preSolution
		Debug|Any CPU = Debug|Any CPU
		Release|Any CPU = Release|Any CPU
	EndGlobalSection
	GlobalSection(ProjectConfigurationPlatforms) = postSolution
		{4A0FB8BD-FEC2-4865-9B29-DA3AA8E4779F}.Debug|Any CPU.ActiveCfg = Debug|Any CPU
		{4A0FB8BD-FEC2-4865-9B29-DA3AA8E4779F}.Debug|Any CPU.Build.0 = Debug|Any CPU
		{4A0FB8BD-FEC2-4865-9B29-DA3AA8E4779F}.Release|Any CPU.ActiveCfg = Release|Any CPU
		{4A0FB8BD-FEC2-4865-9B29-DA3AA8E4779F}.Release|Any CPU.Build.0 = Release|Any CPU
		{E1EE8CC3-929E-4BDB-910B-CA8DF200A396}.Debug|Any CPU.ActiveCfg = Debug|Any CPU
		{E1EE8CC3-929E-4BDB-910B-CA8DF200A396}.Debug|Any CPU.Build.0 = Debug|Any CPU
		{E1EE8CC3-929E-4BDB-910B-CA8DF200A396}.Release|Any CPU.ActiveCfg = Release|Any CPU
		{E1EE8CC3-929E-4BDB-910B-CA8DF200A396}.Release|Any CPU.Build.0 = Release|Any CPU
		{0CC9AD18-D6C0-408A-8DA3-DA717E4FAC22}.Debug|Any CPU.ActiveCfg = Debug|Any CPU
		{0CC9AD18-D6C0-408A-8DA3-DA717E4FAC22}.Debug|Any CPU.Build.0 = Debug|Any CPU
		{0CC9AD18-D6C0-408A-8DA3-DA717E4FAC22}.Release|Any CPU.ActiveCfg = Release|Any CPU
		{0CC9AD18-D6C0-408A-8DA3-DA717E4FAC22}.Release|Any CPU.Build.0 = Release|Any CPU
		{68466B1F-92BE-4E4F-A5CB-40F4B31DC209}.Debug|Any CPU.ActiveCfg = Debug|Any CPU
		{68466B1F-92BE-4E4F-A5CB-40F4B31DC209}.Debug|Any CPU.Build.0 = Debug|Any CPU
		{68466B1F-92BE-4E4F-A5CB-40F4B31DC209}.Release|Any CPU.ActiveCfg = Release|Any CPU
		{68466B1F-92BE-4E4F-A5CB-40F4B31DC209}.Release|Any CPU.Build.0 = Release|Any CPU
	EndGlobalSection
	GlobalSection(SolutionProperties) = preSolution
		HideSolutionNode = FALSE
	EndGlobalSection
EndGlobal
