
Microsoft Visual Studio Solution File, Format Version 12.00
# Visual Studio 2013
VisualStudioVersion = 12.0.30110.0
MinimumVisualStudioVersion = 10.0.40219.1
Project("{FAE04EC0-301F-11D3-BF4B-00C04F79EFBC}") = "1.Refactor", "1.Refactor\1.Refactor.csproj", "{99071290-0056-4740-BF52-391DFFE2E4EB}"
EndProject
Project("{FAE04EC0-301F-11D3-BF4B-00C04F79EFBC}") = "2.PersonClass", "2.PersonClass\2.PersonClass.csproj", "{8E8ADB94-4796-4559-951D-1C8B4616A99D}"
EndProject
Project("{FAE04EC0-301F-11D3-BF4B-00C04F79EFBC}") = "3.JavaScriptRefactoring", "3.JavaScriptRefactoring\3.JavaScriptRefactoring.csproj", "{889C521A-E80F-4925-B8B8-344E0C76CD8F}"
EndProject
Project("{FAE04EC0-301F-11D3-BF4B-00C04F79EFBC}") = "4.Game", "4.Game\4.Game.csproj", "{A2D42037-CBA8-4DFC-960D-3BB614B1757C}"
EndProject
Global
	GlobalSection(SolutionConfigurationPlatforms) = preSolution
		Debug|Any CPU = Debug|Any CPU
		Release|Any CPU = Release|Any CPU
	EndGlobalSection
	GlobalSection(ProjectConfigurationPlatforms) = postSolution
		{99071290-0056-4740-BF52-391DFFE2E4EB}.Debug|Any CPU.ActiveCfg = Debug|Any CPU
		{99071290-0056-4740-BF52-391DFFE2E4EB}.Debug|Any CPU.Build.0 = Debug|Any CPU
		{99071290-0056-4740-BF52-391DFFE2E4EB}.Release|Any CPU.ActiveCfg = Release|Any CPU
		{99071290-0056-4740-BF52-391DFFE2E4EB}.Release|Any CPU.Build.0 = Release|Any CPU
		{8E8ADB94-4796-4559-951D-1C8B4616A99D}.Debug|Any CPU.ActiveCfg = Debug|Any CPU
		{8E8ADB94-4796-4559-951D-1C8B4616A99D}.Debug|Any CPU.Build.0 = Debug|Any CPU
		{8E8ADB94-4796-4559-951D-1C8B4616A99D}.Release|Any CPU.ActiveCfg = Release|Any CPU
		{8E8ADB94-4796-4559-951D-1C8B4616A99D}.Release|Any CPU.Build.0 = Release|Any CPU
		{889C521A-E80F-4925-B8B8-344E0C76CD8F}.Debug|Any CPU.ActiveCfg = Debug|Any CPU
		{889C521A-E80F-4925-B8B8-344E0C76CD8F}.Debug|Any CPU.Build.0 = Debug|Any CPU
		{889C521A-E80F-4925-B8B8-344E0C76CD8F}.Release|Any CPU.ActiveCfg = Release|Any CPU
		{889C521A-E80F-4925-B8B8-344E0C76CD8F}.Release|Any CPU.Build.0 = Release|Any CPU
		{A2D42037-CBA8-4DFC-960D-3BB614B1757C}.Debug|Any CPU.ActiveCfg = Debug|Any CPU
		{A2D42037-CBA8-4DFC-960D-3BB614B1757C}.Debug|Any CPU.Build.0 = Debug|Any CPU
		{A2D42037-CBA8-4DFC-960D-3BB614B1757C}.Release|Any CPU.ActiveCfg = Release|Any CPU
		{A2D42037-CBA8-4DFC-960D-3BB614B1757C}.Release|Any CPU.Build.0 = Release|Any CPU
	EndGlobalSection
	GlobalSection(SolutionProperties) = preSolution
		HideSolutionNode = FALSE
	EndGlobalSection
EndGlobal
