
Microsoft Visual Studio Solution File, Format Version 12.00
# Visual Studio 2013
VisualStudioVersion = 12.0.30723.0
MinimumVisualStudioVersion = 10.0.40219.1
Project("{FAE04EC0-301F-11D3-BF4B-00C04F79EFBC}") = "MongoChat.Model", "MongoChat.Model\MongoChat.Model.csproj", "{6CBEBCE5-FA8F-4098-B316-9BF873EEEC97}"
EndProject
Project("{FAE04EC0-301F-11D3-BF4B-00C04F79EFBC}") = "MongoChat.WpfClient", "MongoChat.WpfClient\MongoChat.WpfClient.csproj", "{C694C69E-A1D0-4720-BF53-FF40307391FB}"
EndProject
Project("{FAE04EC0-301F-11D3-BF4B-00C04F79EFBC}") = "MongoChat.Data", "MongoChat.Data\MongoChat.Data.csproj", "{66D22A61-C285-464F-A621-B752E165A422}"
EndProject
Global
	GlobalSection(SolutionConfigurationPlatforms) = preSolution
		Debug|Any CPU = Debug|Any CPU
		Release|Any CPU = Release|Any CPU
	EndGlobalSection
	GlobalSection(ProjectConfigurationPlatforms) = postSolution
		{6CBEBCE5-FA8F-4098-B316-9BF873EEEC97}.Debug|Any CPU.ActiveCfg = Debug|Any CPU
		{6CBEBCE5-FA8F-4098-B316-9BF873EEEC97}.Debug|Any CPU.Build.0 = Debug|Any CPU
		{6CBEBCE5-FA8F-4098-B316-9BF873EEEC97}.Release|Any CPU.ActiveCfg = Release|Any CPU
		{6CBEBCE5-FA8F-4098-B316-9BF873EEEC97}.Release|Any CPU.Build.0 = Release|Any CPU
		{C694C69E-A1D0-4720-BF53-FF40307391FB}.Debug|Any CPU.ActiveCfg = Debug|Any CPU
		{C694C69E-A1D0-4720-BF53-FF40307391FB}.Debug|Any CPU.Build.0 = Debug|Any CPU
		{C694C69E-A1D0-4720-BF53-FF40307391FB}.Release|Any CPU.ActiveCfg = Release|Any CPU
		{C694C69E-A1D0-4720-BF53-FF40307391FB}.Release|Any CPU.Build.0 = Release|Any CPU
		{66D22A61-C285-464F-A621-B752E165A422}.Debug|Any CPU.ActiveCfg = Debug|Any CPU
		{66D22A61-C285-464F-A621-B752E165A422}.Debug|Any CPU.Build.0 = Debug|Any CPU
		{66D22A61-C285-464F-A621-B752E165A422}.Release|Any CPU.ActiveCfg = Release|Any CPU
		{66D22A61-C285-464F-A621-B752E165A422}.Release|Any CPU.Build.0 = Release|Any CPU
	EndGlobalSection
	GlobalSection(SolutionProperties) = preSolution
		HideSolutionNode = FALSE
	EndGlobalSection
EndGlobal
