
Microsoft Visual Studio Solution File, Format Version 12.00
# Visual Studio 2013
VisualStudioVersion = 12.0.30723.0
MinimumVisualStudioVersion = 10.0.40219.1
Project("{FAE04EC0-301F-11D3-BF4B-00C04F79EFBC}") = "ToyStore.Model", "ToyStore.Model\ToyStore.Model.csproj", "{645E8D3C-0550-4DBB-B764-6F616196E500}"
EndProject
Project("{FAE04EC0-301F-11D3-BF4B-00C04F79EFBC}") = "ToysStore.DataGenerator", "ToyStore.DataGenerator\ToysStore.DataGenerator.csproj", "{4F007515-EFF2-44BB-AF1E-5D19A1ADDF08}"
EndProject
Global
	GlobalSection(SolutionConfigurationPlatforms) = preSolution
		Debug|Any CPU = Debug|Any CPU
		Release|Any CPU = Release|Any CPU
	EndGlobalSection
	GlobalSection(ProjectConfigurationPlatforms) = postSolution
		{645E8D3C-0550-4DBB-B764-6F616196E500}.Debug|Any CPU.ActiveCfg = Debug|Any CPU
		{645E8D3C-0550-4DBB-B764-6F616196E500}.Debug|Any CPU.Build.0 = Debug|Any CPU
		{645E8D3C-0550-4DBB-B764-6F616196E500}.Release|Any CPU.ActiveCfg = Release|Any CPU
		{645E8D3C-0550-4DBB-B764-6F616196E500}.Release|Any CPU.Build.0 = Release|Any CPU
		{4F007515-EFF2-44BB-AF1E-5D19A1ADDF08}.Debug|Any CPU.ActiveCfg = Debug|Any CPU
		{4F007515-EFF2-44BB-AF1E-5D19A1ADDF08}.Debug|Any CPU.Build.0 = Debug|Any CPU
		{4F007515-EFF2-44BB-AF1E-5D19A1ADDF08}.Release|Any CPU.ActiveCfg = Release|Any CPU
		{4F007515-EFF2-44BB-AF1E-5D19A1ADDF08}.Release|Any CPU.Build.0 = Release|Any CPU
	EndGlobalSection
	GlobalSection(SolutionProperties) = preSolution
		HideSolutionNode = FALSE
	EndGlobalSection
EndGlobal
