
Microsoft Visual Studio Solution File, Format Version 12.00
# Visual Studio 2013
VisualStudioVersion = 12.0.30501.0
MinimumVisualStudioVersion = 10.0.40219.1
Project("{FAE04EC0-301F-11D3-BF4B-00C04F79EFBC}") = "RefactorVariableNaming", "RefactorVariableNaming\RefactorVariableNaming.csproj", "{48B1AF07-68B1-475B-B14B-35F3D6F7FF60}"
EndProject
Project("{FAE04EC0-301F-11D3-BF4B-00C04F79EFBC}") = "RefactorVariableUsageAndBestNaming", "RefactorVariableUsageAndBestNaming\RefactorVariableUsageAndBestNaming.csproj", "{72B13FDB-EA37-4D91-B602-1373F857B20C}"
EndProject
Global
	GlobalSection(SolutionConfigurationPlatforms) = preSolution
		Debug|Any CPU = Debug|Any CPU
		Release|Any CPU = Release|Any CPU
	EndGlobalSection
	GlobalSection(ProjectConfigurationPlatforms) = postSolution
		{48B1AF07-68B1-475B-B14B-35F3D6F7FF60}.Debug|Any CPU.ActiveCfg = Debug|Any CPU
		{48B1AF07-68B1-475B-B14B-35F3D6F7FF60}.Debug|Any CPU.Build.0 = Debug|Any CPU
		{48B1AF07-68B1-475B-B14B-35F3D6F7FF60}.Release|Any CPU.ActiveCfg = Release|Any CPU
		{48B1AF07-68B1-475B-B14B-35F3D6F7FF60}.Release|Any CPU.Build.0 = Release|Any CPU
		{72B13FDB-EA37-4D91-B602-1373F857B20C}.Debug|Any CPU.ActiveCfg = Debug|Any CPU
		{72B13FDB-EA37-4D91-B602-1373F857B20C}.Debug|Any CPU.Build.0 = Debug|Any CPU
		{72B13FDB-EA37-4D91-B602-1373F857B20C}.Release|Any CPU.ActiveCfg = Release|Any CPU
		{72B13FDB-EA37-4D91-B602-1373F857B20C}.Release|Any CPU.Build.0 = Release|Any CPU
	EndGlobalSection
	GlobalSection(SolutionProperties) = preSolution
		HideSolutionNode = FALSE
	EndGlobalSection
EndGlobal
