
Microsoft Visual Studio Solution File, Format Version 12.00
# Visual Studio 2013
VisualStudioVersion = 12.0.30723.0
MinimumVisualStudioVersion = 10.0.40219.1
Project("{FAE04EC0-301F-11D3-BF4B-00C04F79EFBC}") = "01.UserProfile", "01.UserProfile\01.UserProfile.csproj", "{33A5F320-EA98-48A5-9E6F-FE8A36314543}"
EndProject
Project("{FAE04EC0-301F-11D3-BF4B-00C04F79EFBC}") = "02.InternationalCompanyNestedMasterPages", "02.InternationalCompanyNestedMasterPages\02.InternationalCompanyNestedMasterPages.csproj", "{106A9D41-C5DE-4E97-9333-05555084FD44}"
EndProject
Global
	GlobalSection(SolutionConfigurationPlatforms) = preSolution
		Debug|Any CPU = Debug|Any CPU
		Release|Any CPU = Release|Any CPU
	EndGlobalSection
	GlobalSection(ProjectConfigurationPlatforms) = postSolution
		{33A5F320-EA98-48A5-9E6F-FE8A36314543}.Debug|Any CPU.ActiveCfg = Debug|Any CPU
		{33A5F320-EA98-48A5-9E6F-FE8A36314543}.Debug|Any CPU.Build.0 = Debug|Any CPU
		{33A5F320-EA98-48A5-9E6F-FE8A36314543}.Release|Any CPU.ActiveCfg = Release|Any CPU
		{33A5F320-EA98-48A5-9E6F-FE8A36314543}.Release|Any CPU.Build.0 = Release|Any CPU
		{106A9D41-C5DE-4E97-9333-05555084FD44}.Debug|Any CPU.ActiveCfg = Debug|Any CPU
		{106A9D41-C5DE-4E97-9333-05555084FD44}.Debug|Any CPU.Build.0 = Debug|Any CPU
		{106A9D41-C5DE-4E97-9333-05555084FD44}.Release|Any CPU.ActiveCfg = Release|Any CPU
		{106A9D41-C5DE-4E97-9333-05555084FD44}.Release|Any CPU.Build.0 = Release|Any CPU
	EndGlobalSection
	GlobalSection(SolutionProperties) = preSolution
		HideSolutionNode = FALSE
	EndGlobalSection
EndGlobal
