
Microsoft Visual Studio Solution File, Format Version 12.00
# Visual Studio 2013
VisualStudioVersion = 12.0.30501.0
MinimumVisualStudioVersion = 10.0.40219.1
Project("{7CF6DF6D-3B04-46F8-A40B-537D21BCA0B4}") = "Sandcastle", "Sandcastle\Sandcastle.shfbproj", "{9AE54D6B-99EB-4B13-A4D6-1BB0E59A3CDC}"
EndProject
Global
	GlobalSection(SolutionConfigurationPlatforms) = preSolution
		Debug|Any CPU = Debug|Any CPU
		Release|Any CPU = Release|Any CPU
	EndGlobalSection
	GlobalSection(ProjectConfigurationPlatforms) = postSolution
		{9AE54D6B-99EB-4B13-A4D6-1BB0E59A3CDC}.Debug|Any CPU.ActiveCfg = Debug|Any CPU
		{9AE54D6B-99EB-4B13-A4D6-1BB0E59A3CDC}.Debug|Any CPU.Build.0 = Debug|Any CPU
		{9AE54D6B-99EB-4B13-A4D6-1BB0E59A3CDC}.Release|Any CPU.ActiveCfg = Release|Any CPU
		{9AE54D6B-99EB-4B13-A4D6-1BB0E59A3CDC}.Release|Any CPU.Build.0 = Release|Any CPU
	EndGlobalSection
	GlobalSection(SolutionProperties) = preSolution
		HideSolutionNode = FALSE
	EndGlobalSection
EndGlobal
