
Microsoft Visual Studio Solution File, Format Version 12.00
# Visual Studio 2013
VisualStudioVersion = 12.0.30723.0
MinimumVisualStudioVersion = 10.0.40219.1
Project("{FAE04EC0-301F-11D3-BF4B-00C04F79EFBC}") = "01.SimulateNestedNLoops", "01.SimulateNestedNLoops\01.SimulateNestedNLoops.csproj", "{1FBBEB6F-777C-4D53-A669-F014856E8B13}"
EndProject
Project("{FAE04EC0-301F-11D3-BF4B-00C04F79EFBC}") = "02.CombinationsWithDuplicatesK", "02.CombinationsWithDuplicatesK\02.CombinationsWithDuplicatesK.csproj", "{0D2B3AB2-030C-49C8-9CFA-E9923D6BBB97}"
EndProject
Project("{FAE04EC0-301F-11D3-BF4B-00C04F79EFBC}") = "03.CombinationsWithoutDuplicatesK", "02.CombinationsWithoutDuplicatesK\03.CombinationsWithoutDuplicatesK.csproj", "{B30920A5-2F38-4A44-BE7B-8FE6D5BCACF2}"
EndProject
Project("{FAE04EC0-301F-11D3-BF4B-00C04F79EFBC}") = "04.GeneratePermutations", "04.GeneratePermutations\04.GeneratePermutations.csproj", "{0530FBA9-03A6-4EFD-870A-63B6A04E0B3F}"
EndProject
Project("{FAE04EC0-301F-11D3-BF4B-00C04F79EFBC}") = "05.VariationsOfElements", "05.VariationsOfElements\05.VariationsOfElements.csproj", "{8877E666-6EE2-4FD8-9FA3-B33FE48DE7A6}"
EndProject
Project("{FAE04EC0-301F-11D3-BF4B-00C04F79EFBC}") = "06.SubsetOfStrings", "06.SubsetOfStrings\06.SubsetOfStrings.csproj", "{926ABDB9-20F1-470B-9F52-B0C78D18CC9B}"
EndProject
Project("{FAE04EC0-301F-11D3-BF4B-00C04F79EFBC}") = "07.FindAllPathsInLabirynth", "07.FindAllPathsInLabirynth\07.FindAllPathsInLabirynth.csproj", "{650D7120-D72C-45EF-B688-A1AE1AB235FA}"
EndProject
Project("{FAE04EC0-301F-11D3-BF4B-00C04F79EFBC}") = "08.FindIfPathExists", "08.FindIfPathExists\08.FindIfPathExists.csproj", "{1707FA68-2A42-4D93-A3D6-AD533E5569DC}"
EndProject
Project("{FAE04EC0-301F-11D3-BF4B-00C04F79EFBC}") = "09.FindLargestConnectedAreaOfAdjacentCells", "09.FindLargestConnectedAreaOfAdjacentCells\09.FindLargestConnectedAreaOfAdjacentCells.csproj", "{B943B9A6-42ED-4B0C-A4E6-1C556B100075}"
EndProject
Project("{FAE04EC0-301F-11D3-BF4B-00C04F79EFBC}") = "10.FindAreasOfAllPassableCells", "10.FindAreasOfAllPassableCells\10.FindAreasOfAllPassableCells.csproj", "{9E20134E-EA16-420B-9952-4FD1E3F49922}"
EndProject
Project("{FAE04EC0-301F-11D3-BF4B-00C04F79EFBC}") = "11.PermutationsWithRepetitionsOfMultiset", "11.PermutationsWithRepetitionsOfMultiset\11.PermutationsWithRepetitionsOfMultiset.csproj", "{652975C2-5453-4384-8651-7BB314230DF1}"
EndProject
Project("{FAE04EC0-301F-11D3-BF4B-00C04F79EFBC}") = "12.8QueensPuzzleWithBacktracking", "12.8QueensPuzzleWithBacktracking\12.8QueensPuzzleWithBacktracking.csproj", "{C72AC246-4369-4135-BB75-68727F3C6481}"
EndProject
Global
	GlobalSection(SolutionConfigurationPlatforms) = preSolution
		Debug|Any CPU = Debug|Any CPU
		Release|Any CPU = Release|Any CPU
	EndGlobalSection
	GlobalSection(ProjectConfigurationPlatforms) = postSolution
		{1FBBEB6F-777C-4D53-A669-F014856E8B13}.Debug|Any CPU.ActiveCfg = Debug|Any CPU
		{1FBBEB6F-777C-4D53-A669-F014856E8B13}.Debug|Any CPU.Build.0 = Debug|Any CPU
		{1FBBEB6F-777C-4D53-A669-F014856E8B13}.Release|Any CPU.ActiveCfg = Release|Any CPU
		{1FBBEB6F-777C-4D53-A669-F014856E8B13}.Release|Any CPU.Build.0 = Release|Any CPU
		{0D2B3AB2-030C-49C8-9CFA-E9923D6BBB97}.Debug|Any CPU.ActiveCfg = Debug|Any CPU
		{0D2B3AB2-030C-49C8-9CFA-E9923D6BBB97}.Debug|Any CPU.Build.0 = Debug|Any CPU
		{0D2B3AB2-030C-49C8-9CFA-E9923D6BBB97}.Release|Any CPU.ActiveCfg = Release|Any CPU
		{0D2B3AB2-030C-49C8-9CFA-E9923D6BBB97}.Release|Any CPU.Build.0 = Release|Any CPU
		{B30920A5-2F38-4A44-BE7B-8FE6D5BCACF2}.Debug|Any CPU.ActiveCfg = Debug|Any CPU
		{B30920A5-2F38-4A44-BE7B-8FE6D5BCACF2}.Debug|Any CPU.Build.0 = Debug|Any CPU
		{B30920A5-2F38-4A44-BE7B-8FE6D5BCACF2}.Release|Any CPU.ActiveCfg = Release|Any CPU
		{B30920A5-2F38-4A44-BE7B-8FE6D5BCACF2}.Release|Any CPU.Build.0 = Release|Any CPU
		{0530FBA9-03A6-4EFD-870A-63B6A04E0B3F}.Debug|Any CPU.ActiveCfg = Debug|Any CPU
		{0530FBA9-03A6-4EFD-870A-63B6A04E0B3F}.Debug|Any CPU.Build.0 = Debug|Any CPU
		{0530FBA9-03A6-4EFD-870A-63B6A04E0B3F}.Release|Any CPU.ActiveCfg = Release|Any CPU
		{0530FBA9-03A6-4EFD-870A-63B6A04E0B3F}.Release|Any CPU.Build.0 = Release|Any CPU
		{8877E666-6EE2-4FD8-9FA3-B33FE48DE7A6}.Debug|Any CPU.ActiveCfg = Debug|Any CPU
		{8877E666-6EE2-4FD8-9FA3-B33FE48DE7A6}.Debug|Any CPU.Build.0 = Debug|Any CPU
		{8877E666-6EE2-4FD8-9FA3-B33FE48DE7A6}.Release|Any CPU.ActiveCfg = Release|Any CPU
		{8877E666-6EE2-4FD8-9FA3-B33FE48DE7A6}.Release|Any CPU.Build.0 = Release|Any CPU
		{926ABDB9-20F1-470B-9F52-B0C78D18CC9B}.Debug|Any CPU.ActiveCfg = Debug|Any CPU
		{926ABDB9-20F1-470B-9F52-B0C78D18CC9B}.Debug|Any CPU.Build.0 = Debug|Any CPU
		{926ABDB9-20F1-470B-9F52-B0C78D18CC9B}.Release|Any CPU.ActiveCfg = Release|Any CPU
		{926ABDB9-20F1-470B-9F52-B0C78D18CC9B}.Release|Any CPU.Build.0 = Release|Any CPU
		{650D7120-D72C-45EF-B688-A1AE1AB235FA}.Debug|Any CPU.ActiveCfg = Debug|Any CPU
		{650D7120-D72C-45EF-B688-A1AE1AB235FA}.Debug|Any CPU.Build.0 = Debug|Any CPU
		{650D7120-D72C-45EF-B688-A1AE1AB235FA}.Release|Any CPU.ActiveCfg = Release|Any CPU
		{650D7120-D72C-45EF-B688-A1AE1AB235FA}.Release|Any CPU.Build.0 = Release|Any CPU
		{1707FA68-2A42-4D93-A3D6-AD533E5569DC}.Debug|Any CPU.ActiveCfg = Debug|Any CPU
		{1707FA68-2A42-4D93-A3D6-AD533E5569DC}.Debug|Any CPU.Build.0 = Debug|Any CPU
		{1707FA68-2A42-4D93-A3D6-AD533E5569DC}.Release|Any CPU.ActiveCfg = Release|Any CPU
		{1707FA68-2A42-4D93-A3D6-AD533E5569DC}.Release|Any CPU.Build.0 = Release|Any CPU
		{B943B9A6-42ED-4B0C-A4E6-1C556B100075}.Debug|Any CPU.ActiveCfg = Debug|Any CPU
		{B943B9A6-42ED-4B0C-A4E6-1C556B100075}.Debug|Any CPU.Build.0 = Debug|Any CPU
		{B943B9A6-42ED-4B0C-A4E6-1C556B100075}.Release|Any CPU.ActiveCfg = Release|Any CPU
		{B943B9A6-42ED-4B0C-A4E6-1C556B100075}.Release|Any CPU.Build.0 = Release|Any CPU
		{9E20134E-EA16-420B-9952-4FD1E3F49922}.Debug|Any CPU.ActiveCfg = Debug|Any CPU
		{9E20134E-EA16-420B-9952-4FD1E3F49922}.Debug|Any CPU.Build.0 = Debug|Any CPU
		{9E20134E-EA16-420B-9952-4FD1E3F49922}.Release|Any CPU.ActiveCfg = Release|Any CPU
		{9E20134E-EA16-420B-9952-4FD1E3F49922}.Release|Any CPU.Build.0 = Release|Any CPU
		{652975C2-5453-4384-8651-7BB314230DF1}.Debug|Any CPU.ActiveCfg = Debug|Any CPU
		{652975C2-5453-4384-8651-7BB314230DF1}.Debug|Any CPU.Build.0 = Debug|Any CPU
		{652975C2-5453-4384-8651-7BB314230DF1}.Release|Any CPU.ActiveCfg = Release|Any CPU
		{652975C2-5453-4384-8651-7BB314230DF1}.Release|Any CPU.Build.0 = Release|Any CPU
		{C72AC246-4369-4135-BB75-68727F3C6481}.Debug|Any CPU.ActiveCfg = Debug|Any CPU
		{C72AC246-4369-4135-BB75-68727F3C6481}.Debug|Any CPU.Build.0 = Debug|Any CPU
		{C72AC246-4369-4135-BB75-68727F3C6481}.Release|Any CPU.ActiveCfg = Release|Any CPU
		{C72AC246-4369-4135-BB75-68727F3C6481}.Release|Any CPU.Build.0 = Release|Any CPU
	EndGlobalSection
	GlobalSection(SolutionProperties) = preSolution
		HideSolutionNode = FALSE
	EndGlobalSection
EndGlobal
