
Microsoft Visual Studio Solution File, Format Version 12.00
# Visual Studio 2013
VisualStudioVersion = 12.0.21005.1
MinimumVisualStudioVersion = 10.0.40219.1
Project("{FAE04EC0-301F-11D3-BF4B-00C04F79EFBC}") = "01.To04.3DGeometry", "01.To04.3DGeometry\01.To04.3DGeometry.csproj", "{07B110FF-F8B1-4222-8B60-8EC4D02511C1}"
EndProject
Project("{FAE04EC0-301F-11D3-BF4B-00C04F79EFBC}") = "05.To07.ListImplimentation", "05.To07.ListImplimentation\05.To07.ListImplimentation.csproj", "{CD030DCE-017A-444B-A767-D6453F8109DC}"
EndProject
Project("{FAE04EC0-301F-11D3-BF4B-00C04F79EFBC}") = "08.To10.MatrixImplimentation", "08.To10.MatrixImplimentation\08.To10.MatrixImplimentation.csproj", "{6B45C1AE-1378-47A3-B108-35B057BBFFF6}"
EndProject
Project("{FAE04EC0-301F-11D3-BF4B-00C04F79EFBC}") = "11.AttributeImplimentation", "11.AttributeImplimentation\11.AttributeImplimentation.csproj", "{03CF5705-E407-4D47-B02E-ABBB2BB593B6}"
EndProject
Global
	GlobalSection(SolutionConfigurationPlatforms) = preSolution
		Debug|Any CPU = Debug|Any CPU
		Release|Any CPU = Release|Any CPU
	EndGlobalSection
	GlobalSection(ProjectConfigurationPlatforms) = postSolution
		{07B110FF-F8B1-4222-8B60-8EC4D02511C1}.Debug|Any CPU.ActiveCfg = Debug|Any CPU
		{07B110FF-F8B1-4222-8B60-8EC4D02511C1}.Debug|Any CPU.Build.0 = Debug|Any CPU
		{07B110FF-F8B1-4222-8B60-8EC4D02511C1}.Release|Any CPU.ActiveCfg = Release|Any CPU
		{07B110FF-F8B1-4222-8B60-8EC4D02511C1}.Release|Any CPU.Build.0 = Release|Any CPU
		{CD030DCE-017A-444B-A767-D6453F8109DC}.Debug|Any CPU.ActiveCfg = Debug|Any CPU
		{CD030DCE-017A-444B-A767-D6453F8109DC}.Debug|Any CPU.Build.0 = Debug|Any CPU
		{CD030DCE-017A-444B-A767-D6453F8109DC}.Release|Any CPU.ActiveCfg = Release|Any CPU
		{CD030DCE-017A-444B-A767-D6453F8109DC}.Release|Any CPU.Build.0 = Release|Any CPU
		{6B45C1AE-1378-47A3-B108-35B057BBFFF6}.Debug|Any CPU.ActiveCfg = Debug|Any CPU
		{6B45C1AE-1378-47A3-B108-35B057BBFFF6}.Debug|Any CPU.Build.0 = Debug|Any CPU
		{6B45C1AE-1378-47A3-B108-35B057BBFFF6}.Release|Any CPU.ActiveCfg = Release|Any CPU
		{6B45C1AE-1378-47A3-B108-35B057BBFFF6}.Release|Any CPU.Build.0 = Release|Any CPU
		{03CF5705-E407-4D47-B02E-ABBB2BB593B6}.Debug|Any CPU.ActiveCfg = Debug|Any CPU
		{03CF5705-E407-4D47-B02E-ABBB2BB593B6}.Debug|Any CPU.Build.0 = Debug|Any CPU
		{03CF5705-E407-4D47-B02E-ABBB2BB593B6}.Release|Any CPU.ActiveCfg = Release|Any CPU
		{03CF5705-E407-4D47-B02E-ABBB2BB593B6}.Release|Any CPU.Build.0 = Release|Any CPU
	EndGlobalSection
	GlobalSection(SolutionProperties) = preSolution
		HideSolutionNode = FALSE
	EndGlobalSection
EndGlobal
